// !$*UTF8*$!
{
	archiveVersion = 1;
	classes = {
	};
	objectVersion = 55;
	objects = {

/* Begin PBXBuildFile section */
		5F8BE2F528B7F9FA00441353 /* AppDelegate.swift in Sources */ = {isa = PBXBuildFile; fileRef = 5F8BE2F428B7F9FA00441353 /* AppDelegate.swift */; };
		5F8BE2F728B7F9FA00441353 /* SceneDelegate.swift in Sources */ = {isa = PBXBuildFile; fileRef = 5F8BE2F628B7F9FA00441353 /* SceneDelegate.swift */; };
		5F8BE2FC28B7F9FA00441353 /* Main.storyboard in Resources */ = {isa = PBXBuildFile; fileRef = 5F8BE2FA28B7F9FA00441353 /* Main.storyboard */; };
		5F8BE2FF28B7F9FA00441353 /* TruckerTracker.xcdatamodeld in Sources */ = {isa = PBXBuildFile; fileRef = 5F8BE2FD28B7F9FA00441353 /* TruckerTracker.xcdatamodeld */; };
		5F8BE30128B7F9FB00441353 /* Assets.xcassets in Resources */ = {isa = PBXBuildFile; fileRef = 5F8BE30028B7F9FB00441353 /* Assets.xcassets */; };
		5F8BE30428B7F9FB00441353 /* LaunchScreen.storyboard in Resources */ = {isa = PBXBuildFile; fileRef = 5F8BE30228B7F9FB00441353 /* LaunchScreen.storyboard */; };
		5FB92F2828B91FF20037A4AD /* TRTabBarController.swift in Sources */ = {isa = PBXBuildFile; fileRef = 5FB92F2728B91FF20037A4AD /* TRTabBarController.swift */; };
		5FB92F2A28B920540037A4AD /* TRTabBar.swift in Sources */ = {isa = PBXBuildFile; fileRef = 5FB92F2928B920540037A4AD /* TRTabBar.swift */; };
		5FB92F2E28B921680037A4AD /* NewItemVC.swift in Sources */ = {isa = PBXBuildFile; fileRef = 5FB92F2D28B921680037A4AD /* NewItemVC.swift */; };
		5FB92F3028B921F30037A4AD /* ProfileVC.swift in Sources */ = {isa = PBXBuildFile; fileRef = 5FB92F2F28B921F30037A4AD /* ProfileVC.swift */; };
		5FB92F3728BC18ED0037A4AD /* Constants.swift in Sources */ = {isa = PBXBuildFile; fileRef = 5FB92F3628BC18ED0037A4AD /* Constants.swift */; };
		5FB92F3A28BD7CCB0037A4AD /* UIView+Ext.swift in Sources */ = {isa = PBXBuildFile; fileRef = 5FB92F3928BD7CCB0037A4AD /* UIView+Ext.swift */; };
		5FB92F3E28C368CC0037A4AD /* TrackerVC.swift in Sources */ = {isa = PBXBuildFile; fileRef = 5FB92F3D28C368CC0037A4AD /* TrackerVC.swift */; };
		5FB92F4028C369310037A4AD /* TrackerCategoryVC.swift in Sources */ = {isa = PBXBuildFile; fileRef = 5FB92F3F28C369310037A4AD /* TrackerCategoryVC.swift */; };
		5FB92F4A28C984460037A4AD /* TrackerCategoryType.swift in Sources */ = {isa = PBXBuildFile; fileRef = 5FB92F4928C984460037A4AD /* TrackerCategoryType.swift */; };
		5FB92F4E28C984D30037A4AD /* TRCategoryInfoView.swift in Sources */ = {isa = PBXBuildFile; fileRef = 5FB92F4D28C984D30037A4AD /* TRCategoryInfoView.swift */; };
/* End PBXBuildFile section */

/* Begin PBXFileReference section */
		5F8BE2F128B7F9FA00441353 /* TruckerTracker.app */ = {isa = PBXFileReference; explicitFileType = wrapper.application; includeInIndex = 0; path = TruckerTracker.app; sourceTree = BUILT_PRODUCTS_DIR; };
		5F8BE2F428B7F9FA00441353 /* AppDelegate.swift */ = {isa = PBXFileReference; lastKnownFileType = sourcecode.swift; path = AppDelegate.swift; sourceTree = "<group>"; };
		5F8BE2F628B7F9FA00441353 /* SceneDelegate.swift */ = {isa = PBXFileReference; lastKnownFileType = sourcecode.swift; path = SceneDelegate.swift; sourceTree = "<group>"; };
		5F8BE2FB28B7F9FA00441353 /* Base */ = {isa = PBXFileReference; lastKnownFileType = file.storyboard; name = Base; path = Base.lproj/Main.storyboard; sourceTree = "<group>"; };
		5F8BE2FE28B7F9FA00441353 /* TruckerTracker.xcdatamodel */ = {isa = PBXFileReference; lastKnownFileType = wrapper.xcdatamodel; path = TruckerTracker.xcdatamodel; sourceTree = "<group>"; };
		5F8BE30028B7F9FB00441353 /* Assets.xcassets */ = {isa = PBXFileReference; lastKnownFileType = folder.assetcatalog; path = Assets.xcassets; sourceTree = "<group>"; };
		5F8BE30328B7F9FB00441353 /* Base */ = {isa = PBXFileReference; lastKnownFileType = file.storyboard; name = Base; path = Base.lproj/LaunchScreen.storyboard; sourceTree = "<group>"; };
		5F8BE30528B7F9FB00441353 /* Info.plist */ = {isa = PBXFileReference; lastKnownFileType = text.plist.xml; path = Info.plist; sourceTree = "<group>"; };
		5FB92F2728B91FF20037A4AD /* TRTabBarController.swift */ = {isa = PBXFileReference; lastKnownFileType = sourcecode.swift; path = TRTabBarController.swift; sourceTree = "<group>"; };
		5FB92F2928B920540037A4AD /* TRTabBar.swift */ = {isa = PBXFileReference; lastKnownFileType = sourcecode.swift; path = TRTabBar.swift; sourceTree = "<group>"; };
		5FB92F2D28B921680037A4AD /* NewItemVC.swift */ = {isa = PBXFileReference; lastKnownFileType = sourcecode.swift; path = NewItemVC.swift; sourceTree = "<group>"; };
		5FB92F2F28B921F30037A4AD /* ProfileVC.swift */ = {isa = PBXFileReference; lastKnownFileType = sourcecode.swift; path = ProfileVC.swift; sourceTree = "<group>"; };
		5FB92F3628BC18ED0037A4AD /* Constants.swift */ = {isa = PBXFileReference; lastKnownFileType = sourcecode.swift; path = Constants.swift; sourceTree = "<group>"; };
		5FB92F3928BD7CCB0037A4AD /* UIView+Ext.swift */ = {isa = PBXFileReference; lastKnownFileType = sourcecode.swift; path = "UIView+Ext.swift"; sourceTree = "<group>"; };
		5FB92F3D28C368CC0037A4AD /* TrackerVC.swift */ = {isa = PBXFileReference; lastKnownFileType = sourcecode.swift; path = TrackerVC.swift; sourceTree = "<group>"; };
		5FB92F3F28C369310037A4AD /* TrackerCategoryVC.swift */ = {isa = PBXFileReference; lastKnownFileType = sourcecode.swift; path = TrackerCategoryVC.swift; sourceTree = "<group>"; };
		5FB92F4928C984460037A4AD /* TrackerCategoryType.swift */ = {isa = PBXFileReference; lastKnownFileType = sourcecode.swift; path = TrackerCategoryType.swift; sourceTree = "<group>"; };
		5FB92F4D28C984D30037A4AD /* TRCategoryInfoView.swift */ = {isa = PBXFileReference; lastKnownFileType = sourcecode.swift; path = TRCategoryInfoView.swift; sourceTree = "<group>"; };
/* End PBXFileReference section */

/* Begin PBXFrameworksBuildPhase section */
		5F8BE2EE28B7F9FA00441353 /* Frameworks */ = {
			isa = PBXFrameworksBuildPhase;
			buildActionMask = 2147483647;
			files = (
			);
			runOnlyForDeploymentPostprocessing = 0;
		};
/* End PBXFrameworksBuildPhase section */

/* Begin PBXGroup section */
		5F8BE2E828B7F9FA00441353 = {
			isa = PBXGroup;
			children = (
				5F8BE2F328B7F9FA00441353 /* TruckerTracker */,
				5F8BE2F228B7F9FA00441353 /* Products */,
			);
			sourceTree = "<group>";
		};
		5F8BE2F228B7F9FA00441353 /* Products */ = {
			isa = PBXGroup;
			children = (
				5F8BE2F128B7F9FA00441353 /* TruckerTracker.app */,
			);
			name = Products;
			sourceTree = "<group>";
		};
		5F8BE2F328B7F9FA00441353 /* TruckerTracker */ = {
			isa = PBXGroup;
			children = (
				5FB92F4728C984140037A4AD /* Model */,
				5FB92F3828BD7CBD0037A4AD /* Extensions */,
				5FB92F3528BC18E20037A4AD /* Utilities */,
				5FB92F3328B922320037A4AD /* Supporting Files */,
				5FB92F3228B922080037A4AD /* Custom Views */,
				5FB92F3128B921FD0037A4AD /* Screens */,
				5FB92F3428B9226E0037A4AD /* Storyboard */,
				5F8BE30528B7F9FB00441353 /* Info.plist */,
				5F8BE2FD28B7F9FA00441353 /* TruckerTracker.xcdatamodeld */,
			);
			path = TruckerTracker;
			sourceTree = "<group>";
		};
		5FB92F3128B921FD0037A4AD /* Screens */ = {
			isa = PBXGroup;
			children = (
				5FB92F3D28C368CC0037A4AD /* TrackerVC.swift */,
				5FB92F3F28C369310037A4AD /* TrackerCategoryVC.swift */,
				5FB92F2D28B921680037A4AD /* NewItemVC.swift */,
				5FB92F2F28B921F30037A4AD /* ProfileVC.swift */,
			);
			path = Screens;
			sourceTree = "<group>";
		};
		5FB92F3228B922080037A4AD /* Custom Views */ = {
			isa = PBXGroup;
			children = (
				5FB92F4128C970FD0037A4AD /* TabBar */,
				5FB92F4228C971250037A4AD /* Views */,
			);
			path = "Custom Views";
			sourceTree = "<group>";
		};
		5FB92F3328B922320037A4AD /* Supporting Files */ = {
			isa = PBXGroup;
			children = (
				5F8BE2F428B7F9FA00441353 /* AppDelegate.swift */,
				5F8BE2F628B7F9FA00441353 /* SceneDelegate.swift */,
				5F8BE30028B7F9FB00441353 /* Assets.xcassets */,
			);
			path = "Supporting Files";
			sourceTree = "<group>";
		};
		5FB92F3428B9226E0037A4AD /* Storyboard */ = {
			isa = PBXGroup;
			children = (
				5F8BE2FA28B7F9FA00441353 /* Main.storyboard */,
				5F8BE30228B7F9FB00441353 /* LaunchScreen.storyboard */,
			);
			path = Storyboard;
			sourceTree = "<group>";
		};
		5FB92F3528BC18E20037A4AD /* Utilities */ = {
			isa = PBXGroup;
			children = (
				5FB92F3628BC18ED0037A4AD /* Constants.swift */,
			);
			path = Utilities;
			sourceTree = "<group>";
		};
		5FB92F3828BD7CBD0037A4AD /* Extensions */ = {
			isa = PBXGroup;
			children = (
				5FB92F3928BD7CCB0037A4AD /* UIView+Ext.swift */,
			);
			path = Extensions;
			sourceTree = "<group>";
		};
		5FB92F4128C970FD0037A4AD /* TabBar */ = {
			isa = PBXGroup;
			children = (
				5FB92F2728B91FF20037A4AD /* TRTabBarController.swift */,
				5FB92F2928B920540037A4AD /* TRTabBar.swift */,
			);
			path = TabBar;
			sourceTree = "<group>";
		};
		5FB92F4228C971250037A4AD /* Views */ = {
			isa = PBXGroup;
			children = (
				5FB92F4D28C984D30037A4AD /* TRCategoryInfoView.swift */,
			);
			path = Views;
			sourceTree = "<group>";
		};
		5FB92F4728C984140037A4AD /* Model */ = {
			isa = PBXGroup;
			children = (
				5FB92F4828C9841A0037A4AD /* Enums */,
			);
			path = Model;
			sourceTree = "<group>";
		};
		5FB92F4828C9841A0037A4AD /* Enums */ = {
			isa = PBXGroup;
			children = (
				5FB92F4928C984460037A4AD /* TrackerCategoryType.swift */,
			);
			path = Enums;
			sourceTree = "<group>";
		};
/* End PBXGroup section */

/* Begin PBXNativeTarget section */
		5F8BE2F028B7F9FA00441353 /* TruckerTracker */ = {
			isa = PBXNativeTarget;
			buildConfigurationList = 5F8BE30828B7F9FB00441353 /* Build configuration list for PBXNativeTarget "TruckerTracker" */;
			buildPhases = (
				5F8BE2ED28B7F9FA00441353 /* Sources */,
				5F8BE2EE28B7F9FA00441353 /* Frameworks */,
				5F8BE2EF28B7F9FA00441353 /* Resources */,
			);
			buildRules = (
			);
			dependencies = (
			);
			name = TruckerTracker;
			productName = TruckerTracker;
			productReference = 5F8BE2F128B7F9FA00441353 /* TruckerTracker.app */;
			productType = "com.apple.product-type.application";
		};
/* End PBXNativeTarget section */

/* Begin PBXProject section */
		5F8BE2E928B7F9FA00441353 /* Project object */ = {
			isa = PBXProject;
			attributes = {
				BuildIndependentTargetsInParallel = 1;
				LastSwiftUpdateCheck = 1340;
				LastUpgradeCheck = 1340;
				TargetAttributes = {
					5F8BE2F028B7F9FA00441353 = {
						CreatedOnToolsVersion = 13.4.1;
					};
				};
			};
			buildConfigurationList = 5F8BE2EC28B7F9FA00441353 /* Build configuration list for PBXProject "TruckerTracker" */;
			compatibilityVersion = "Xcode 13.0";
			developmentRegion = en;
			hasScannedForEncodings = 0;
			knownRegions = (
				en,
				Base,
			);
			mainGroup = 5F8BE2E828B7F9FA00441353;
			productRefGroup = 5F8BE2F228B7F9FA00441353 /* Products */;
			projectDirPath = "";
			projectRoot = "";
			targets = (
				5F8BE2F028B7F9FA00441353 /* TruckerTracker */,
			);
		};
/* End PBXProject section */

/* Begin PBXResourcesBuildPhase section */
		5F8BE2EF28B7F9FA00441353 /* Resources */ = {
			isa = PBXResourcesBuildPhase;
			buildActionMask = 2147483647;
			files = (
				5F8BE30428B7F9FB00441353 /* LaunchScreen.storyboard in Resources */,
				5F8BE30128B7F9FB00441353 /* Assets.xcassets in Resources */,
				5F8BE2FC28B7F9FA00441353 /* Main.storyboard in Resources */,
			);
			runOnlyForDeploymentPostprocessing = 0;
		};
/* End PBXResourcesBuildPhase section */

/* Begin PBXSourcesBuildPhase section */
		5F8BE2ED28B7F9FA00441353 /* Sources */ = {
			isa = PBXSourcesBuildPhase;
			buildActionMask = 2147483647;
			files = (
				5FB92F4A28C984460037A4AD /* TrackerCategoryType.swift in Sources */,
				5FB92F2828B91FF20037A4AD /* TRTabBarController.swift in Sources */,
				5FB92F4E28C984D30037A4AD /* TRCategoryInfoView.swift in Sources */,
				5FB92F4028C369310037A4AD /* TrackerCategoryVC.swift in Sources */,
				5FB92F3A28BD7CCB0037A4AD /* UIView+Ext.swift in Sources */,
				5FB92F3028B921F30037A4AD /* ProfileVC.swift in Sources */,
				5F8BE2F528B7F9FA00441353 /* AppDelegate.swift in Sources */,
				5FB92F2E28B921680037A4AD /* NewItemVC.swift in Sources */,
				5F8BE2F728B7F9FA00441353 /* SceneDelegate.swift in Sources */,
				5FB92F3E28C368CC0037A4AD /* TrackerVC.swift in Sources */,
				5F8BE2FF28B7F9FA00441353 /* TruckerTracker.xcdatamodeld in Sources */,
				5FB92F2A28B920540037A4AD /* TRTabBar.swift in Sources */,
				5FB92F3728BC18ED0037A4AD /* Constants.swift in Sources */,
			);
			runOnlyForDeploymentPostprocessing = 0;
		};
/* End PBXSourcesBuildPhase section */

/* Begin PBXVariantGroup section */
		5F8BE2FA28B7F9FA00441353 /* Main.storyboard */ = {
			isa = PBXVariantGroup;
			children = (
				5F8BE2FB28B7F9FA00441353 /* Base */,
			);
			name = Main.storyboard;
			sourceTree = "<group>";
		};
		5F8BE30228B7F9FB00441353 /* LaunchScreen.storyboard */ = {
			isa = PBXVariantGroup;
			children = (
				5F8BE30328B7F9FB00441353 /* Base */,
			);
			name = LaunchScreen.storyboard;
			sourceTree = "<group>";
		};
/* End PBXVariantGroup section */

/* Begin XCBuildConfiguration section */
		5F8BE30628B7F9FB00441353 /* Debug */ = {
			isa = XCBuildConfiguration;
			buildSettings = {
				ALWAYS_SEARCH_USER_PATHS = NO;
				CLANG_ANALYZER_NONNULL = YES;
				CLANG_ANALYZER_NUMBER_OBJECT_CONVERSION = YES_AGGRESSIVE;
				CLANG_CXX_LANGUAGE_STANDARD = "gnu++17";
				CLANG_ENABLE_MODULES = YES;
				CLANG_ENABLE_OBJC_ARC = YES;
				CLANG_ENABLE_OBJC_WEAK = YES;
				CLANG_WARN_BLOCK_CAPTURE_AUTORELEASING = YES;
				CLANG_WARN_BOOL_CONVERSION = YES;
				CLANG_WARN_COMMA = YES;
				CLANG_WARN_CONSTANT_CONVERSION = YES;
				CLANG_WARN_DEPRECATED_OBJC_IMPLEMENTATIONS = YES;
				CLANG_WARN_DIRECT_OBJC_ISA_USAGE = YES_ERROR;
				CLANG_WARN_DOCUMENTATION_COMMENTS = YES;
				CLANG_WARN_EMPTY_BODY = YES;
				CLANG_WARN_ENUM_CONVERSION = YES;
				CLANG_WARN_INFINITE_RECURSION = YES;
				CLANG_WARN_INT_CONVERSION = YES;
				CLANG_WARN_NON_LITERAL_NULL_CONVERSION = YES;
				CLANG_WARN_OBJC_IMPLICIT_RETAIN_SELF = YES;
				CLANG_WARN_OBJC_LITERAL_CONVERSION = YES;
				CLANG_WARN_OBJC_ROOT_CLASS = YES_ERROR;
				CLANG_WARN_QUOTED_INCLUDE_IN_FRAMEWORK_HEADER = YES;
				CLANG_WARN_RANGE_LOOP_ANALYSIS = YES;
				CLANG_WARN_STRICT_PROTOTYPES = YES;
				CLANG_WARN_SUSPICIOUS_MOVE = YES;
				CLANG_WARN_UNGUARDED_AVAILABILITY = YES_AGGRESSIVE;
				CLANG_WARN_UNREACHABLE_CODE = YES;
				CLANG_WARN__DUPLICATE_METHOD_MATCH = YES;
				COPY_PHASE_STRIP = NO;
				DEBUG_INFORMATION_FORMAT = dwarf;
				ENABLE_STRICT_OBJC_MSGSEND = YES;
				ENABLE_TESTABILITY = YES;
				GCC_C_LANGUAGE_STANDARD = gnu11;
				GCC_DYNAMIC_NO_PIC = NO;
				GCC_NO_COMMON_BLOCKS = YES;
				GCC_OPTIMIZATION_LEVEL = 0;
				GCC_PREPROCESSOR_DEFINITIONS = (
					"DEBUG=1",
					"$(inherited)",
				);
				GCC_WARN_64_TO_32_BIT_CONVERSION = YES;
				GCC_WARN_ABOUT_RETURN_TYPE = YES_ERROR;
				GCC_WARN_UNDECLARED_SELECTOR = YES;
				GCC_WARN_UNINITIALIZED_AUTOS = YES_AGGRESSIVE;
				GCC_WARN_UNUSED_FUNCTION = YES;
				GCC_WARN_UNUSED_VARIABLE = YES;
				IPHONEOS_DEPLOYMENT_TARGET = 15.5;
				MTL_ENABLE_DEBUG_INFO = INCLUDE_SOURCE;
				MTL_FAST_MATH = YES;
				ONLY_ACTIVE_ARCH = YES;
				SDKROOT = iphoneos;
				SWIFT_ACTIVE_COMPILATION_CONDITIONS = DEBUG;
				SWIFT_OPTIMIZATION_LEVEL = "-Onone";
			};
			name = Debug;
		};
		5F8BE30728B7F9FB00441353 /* Release */ = {
			isa = XCBuildConfiguration;
			buildSettings = {
				ALWAYS_SEARCH_USER_PATHS = NO;
				CLANG_ANALYZER_NONNULL = YES;
				CLANG_ANALYZER_NUMBER_OBJECT_CONVERSION = YES_AGGRESSIVE;
				CLANG_CXX_LANGUAGE_STANDARD = "gnu++17";
				CLANG_ENABLE_MODULES = YES;
				CLANG_ENABLE_OBJC_ARC = YES;
				CLANG_ENABLE_OBJC_WEAK = YES;
				CLANG_WARN_BLOCK_CAPTURE_AUTORELEASING = YES;
				CLANG_WARN_BOOL_CONVERSION = YES;
				CLANG_WARN_COMMA = YES;
				CLANG_WARN_CONSTANT_CONVERSION = YES;
				CLANG_WARN_DEPRECATED_OBJC_IMPLEMENTATIONS = YES;
				CLANG_WARN_DIRECT_OBJC_ISA_USAGE = YES_ERROR;
				CLANG_WARN_DOCUMENTATION_COMMENTS = YES;
				CLANG_WARN_EMPTY_BODY = YES;
				CLANG_WARN_ENUM_CONVERSION = YES;
				CLANG_WARN_INFINITE_RECURSION = YES;
				CLANG_WARN_INT_CONVERSION = YES;
				CLANG_WARN_NON_LITERAL_NULL_CONVERSION = YES;
				CLANG_WARN_OBJC_IMPLICIT_RETAIN_SELF = YES;
				CLANG_WARN_OBJC_LITERAL_CONVERSION = YES;
				CLANG_WARN_OBJC_ROOT_CLASS = YES_ERROR;
				CLANG_WARN_QUOTED_INCLUDE_IN_FRAMEWORK_HEADER = YES;
				CLANG_WARN_RANGE_LOOP_ANALYSIS = YES;
				CLANG_WARN_STRICT_PROTOTYPES = YES;
				CLANG_WARN_SUSPICIOUS_MOVE = YES;
				CLANG_WARN_UNGUARDED_AVAILABILITY = YES_AGGRESSIVE;
				CLANG_WARN_UNREACHABLE_CODE = YES;
				CLANG_WARN__DUPLICATE_METHOD_MATCH = YES;
				COPY_PHASE_STRIP = NO;
				DEBUG_INFORMATION_FORMAT = "dwarf-with-dsym";
				ENABLE_NS_ASSERTIONS = NO;
				ENABLE_STRICT_OBJC_MSGSEND = YES;
				GCC_C_LANGUAGE_STANDARD = gnu11;
				GCC_NO_COMMON_BLOCKS = YES;
				GCC_WARN_64_TO_32_BIT_CONVERSION = YES;
				GCC_WARN_ABOUT_RETURN_TYPE = YES_ERROR;
				GCC_WARN_UNDECLARED_SELECTOR = YES;
				GCC_WARN_UNINITIALIZED_AUTOS = YES_AGGRESSIVE;
				GCC_WARN_UNUSED_FUNCTION = YES;
				GCC_WARN_UNUSED_VARIABLE = YES;
				IPHONEOS_DEPLOYMENT_TARGET = 15.5;
				MTL_ENABLE_DEBUG_INFO = NO;
				MTL_FAST_MATH = YES;
				SDKROOT = iphoneos;
				SWIFT_COMPILATION_MODE = wholemodule;
				SWIFT_OPTIMIZATION_LEVEL = "-O";
				VALIDATE_PRODUCT = YES;
			};
			name = Release;
		};
		5F8BE30928B7F9FB00441353 /* Debug */ = {
			isa = XCBuildConfiguration;
			buildSettings = {
				ASSETCATALOG_COMPILER_APPICON_NAME = AppIcon;
				ASSETCATALOG_COMPILER_GLOBAL_ACCENT_COLOR_NAME = AccentColor;
				CODE_SIGN_STYLE = Automatic;
				CURRENT_PROJECT_VERSION = 1;
				DEVELOPMENT_TEAM = W78FYLG72B;
				GENERATE_INFOPLIST_FILE = YES;
				INFOPLIST_FILE = TruckerTracker/Info.plist;
				INFOPLIST_KEY_UIApplicationSupportsIndirectInputEvents = YES;
				INFOPLIST_KEY_UILaunchStoryboardName = LaunchScreen;
				INFOPLIST_KEY_UIMainStoryboardFile = Main;
				INFOPLIST_KEY_UISupportedInterfaceOrientations_iPad = "UIInterfaceOrientationPortrait UIInterfaceOrientationPortraitUpsideDown UIInterfaceOrientationLandscapeLeft UIInterfaceOrientationLandscapeRight";
				INFOPLIST_KEY_UISupportedInterfaceOrientations_iPhone = "UIInterfaceOrientationPortrait UIInterfaceOrientationLandscapeLeft UIInterfaceOrientationLandscapeRight";
				LD_RUNPATH_SEARCH_PATHS = (
					"$(inherited)",
					"@executable_path/Frameworks",
				);
				MARKETING_VERSION = 1.0;
				PRODUCT_BUNDLE_IDENTIFIER = com.stepharski.TruckerTracker;
				PRODUCT_NAME = "$(TARGET_NAME)";
				SWIFT_EMIT_LOC_STRINGS = YES;
				SWIFT_VERSION = 5.0;
				TARGETED_DEVICE_FAMILY = "1,2";
			};
			name = Debug;
		};
		5F8BE30A28B7F9FB00441353 /* Release */ = {
			isa = XCBuildConfiguration;
			buildSettings = {
				ASSETCATALOG_COMPILER_APPICON_NAME = AppIcon;
				ASSETCATALOG_COMPILER_GLOBAL_ACCENT_COLOR_NAME = AccentColor;
				CODE_SIGN_STYLE = Automatic;
				CURRENT_PROJECT_VERSION = 1;
				DEVELOPMENT_TEAM = W78FYLG72B;
				GENERATE_INFOPLIST_FILE = YES;
				INFOPLIST_FILE = TruckerTracker/Info.plist;
				INFOPLIST_KEY_UIApplicationSupportsIndirectInputEvents = YES;
				INFOPLIST_KEY_UILaunchStoryboardName = LaunchScreen;
				INFOPLIST_KEY_UIMainStoryboardFile = Main;
				INFOPLIST_KEY_UISupportedInterfaceOrientations_iPad = "UIInterfaceOrientationPortrait UIInterfaceOrientationPortraitUpsideDown UIInterfaceOrientationLandscapeLeft UIInterfaceOrientationLandscapeRight";
				INFOPLIST_KEY_UISupportedInterfaceOrientations_iPhone = "UIInterfaceOrientationPortrait UIInterfaceOrientationLandscapeLeft UIInterfaceOrientationLandscapeRight";
				LD_RUNPATH_SEARCH_PATHS = (
					"$(inherited)",
					"@executable_path/Frameworks",
				);
				MARKETING_VERSION = 1.0;
				PRODUCT_BUNDLE_IDENTIFIER = com.stepharski.TruckerTracker;
				PRODUCT_NAME = "$(TARGET_NAME)";
				SWIFT_EMIT_LOC_STRINGS = YES;
				SWIFT_VERSION = 5.0;
				TARGETED_DEVICE_FAMILY = "1,2";
			};
			name = Release;
		};
/* End XCBuildConfiguration section */

/* Begin XCConfigurationList section */
		5F8BE2EC28B7F9FA00441353 /* Build configuration list for PBXProject "TruckerTracker" */ = {
			isa = XCConfigurationList;
			buildConfigurations = (
				5F8BE30628B7F9FB00441353 /* Debug */,
				5F8BE30728B7F9FB00441353 /* Release */,
			);
			defaultConfigurationIsVisible = 0;
			defaultConfigurationName = Release;
		};
		5F8BE30828B7F9FB00441353 /* Build configuration list for PBXNativeTarget "TruckerTracker" */ = {
			isa = XCConfigurationList;
			buildConfigurations = (
				5F8BE30928B7F9FB00441353 /* Debug */,
				5F8BE30A28B7F9FB00441353 /* Release */,
			);
			defaultConfigurationIsVisible = 0;
			defaultConfigurationName = Release;
		};
/* End XCConfigurationList section */

/* Begin XCVersionGroup section */
		5F8BE2FD28B7F9FA00441353 /* TruckerTracker.xcdatamodeld */ = {
			isa = XCVersionGroup;
			children = (
				5F8BE2FE28B7F9FA00441353 /* TruckerTracker.xcdatamodel */,
			);
			currentVersion = 5F8BE2FE28B7F9FA00441353 /* TruckerTracker.xcdatamodel */;
			path = TruckerTracker.xcdatamodeld;
			sourceTree = "<group>";
			versionGroupType = wrapper.xcdatamodel;
		};
/* End XCVersionGroup section */
	};
	rootObject = 5F8BE2E928B7F9FA00441353 /* Project object */;
}
