// !$*UTF8*$!
{
	archiveVersion = 1;
	classes = {
	};
	objectVersion = 55;
	objects = {

/* Begin PBXBuildFile section */
		5F16E3A52A02B91C00BA5DFD /* DriverSettingsViewController.swift in Sources */ = {isa = PBXBuildFile; fileRef = 5F16E3A42A02B91C00BA5DFD /* DriverSettingsViewController.swift */; };
		5F16E3A82A02B9E500BA5DFD /* SettingInputCell.swift in Sources */ = {isa = PBXBuildFile; fileRef = 5F16E3A62A02B9E500BA5DFD /* SettingInputCell.swift */; };
		5F16E3A92A02B9E500BA5DFD /* SettingInputCell.xib in Resources */ = {isa = PBXBuildFile; fileRef = 5F16E3A72A02B9E500BA5DFD /* SettingInputCell.xib */; };
		5F16E3AB2A02C5DD00BA5DFD /* DriverSettingsViewModel.swift in Sources */ = {isa = PBXBuildFile; fileRef = 5F16E3AA2A02C5DD00BA5DFD /* DriverSettingsViewModel.swift */; };
		5F16E3B12A02D1CD00BA5DFD /* AppSettingsEnums.swift in Sources */ = {isa = PBXBuildFile; fileRef = 5F16E3B02A02D1CD00BA5DFD /* AppSettingsEnums.swift */; };
		5F2B80052958CC3E0044E004 /* RecurringMenuVC.swift in Sources */ = {isa = PBXBuildFile; fileRef = 5F2B80042958CC3E0044E004 /* RecurringMenuVC.swift */; };
		5F2B80082958CC5C0044E004 /* RecurringExpenseCell.swift in Sources */ = {isa = PBXBuildFile; fileRef = 5F2B80062958CC5C0044E004 /* RecurringExpenseCell.swift */; };
		5F2B80092958CC5C0044E004 /* RecurringExpenseCell.xib in Resources */ = {isa = PBXBuildFile; fileRef = 5F2B80072958CC5C0044E004 /* RecurringExpenseCell.xib */; };
		5F2B800B295A02480044E004 /* ContactMenuVC.swift in Sources */ = {isa = PBXBuildFile; fileRef = 5F2B800A295A02480044E004 /* ContactMenuVC.swift */; };
		5F2B800F295A05DD0044E004 /* ContactCell.swift in Sources */ = {isa = PBXBuildFile; fileRef = 5F2B800D295A05DD0044E004 /* ContactCell.swift */; };
		5F2B8010295A05DD0044E004 /* ContactCell.xib in Resources */ = {isa = PBXBuildFile; fileRef = 5F2B800E295A05DD0044E004 /* ContactCell.xib */; };
		5F2B8015295A14D50044E004 /* UIViewController+Ext.swift in Sources */ = {isa = PBXBuildFile; fileRef = 5F2B8014295A14D50044E004 /* UIViewController+Ext.swift */; };
		5F2B8017295A95C10044E004 /* DataMenuVC.swift in Sources */ = {isa = PBXBuildFile; fileRef = 5F2B8016295A95C10044E004 /* DataMenuVC.swift */; };
		5F2B801A295AA0900044E004 /* TRSegmentedControl.swift in Sources */ = {isa = PBXBuildFile; fileRef = 5F2B8019295AA0900044E004 /* TRSegmentedControl.swift */; };
		5F2B8020295E2DC30044E004 /* SyncInfoCell.swift in Sources */ = {isa = PBXBuildFile; fileRef = 5F2B801E295E2DC30044E004 /* SyncInfoCell.swift */; };
		5F2B8021295E2DC30044E004 /* SyncInfoCell.xib in Resources */ = {isa = PBXBuildFile; fileRef = 5F2B801F295E2DC30044E004 /* SyncInfoCell.xib */; };
		5F2B8028295F7D080044E004 /* ResetOptionCell.swift in Sources */ = {isa = PBXBuildFile; fileRef = 5F2B8026295F7D080044E004 /* ResetOptionCell.swift */; };
		5F2B8029295F7D080044E004 /* ResetOptionCell.xib in Resources */ = {isa = PBXBuildFile; fileRef = 5F2B8027295F7D080044E004 /* ResetOptionCell.xib */; };
		5F2B802D295F8DAA0044E004 /* ExportPeriodCell.swift in Sources */ = {isa = PBXBuildFile; fileRef = 5F2B802B295F8DAA0044E004 /* ExportPeriodCell.swift */; };
		5F2B802E295F8DAA0044E004 /* ExportPeriodCell.xib in Resources */ = {isa = PBXBuildFile; fileRef = 5F2B802C295F8DAA0044E004 /* ExportPeriodCell.xib */; };
		5F2B8032295F99D50044E004 /* ExportCategoriesCell.swift in Sources */ = {isa = PBXBuildFile; fileRef = 5F2B8030295F99D50044E004 /* ExportCategoriesCell.swift */; };
		5F2B8033295F99D50044E004 /* ExportCategoriesCell.xib in Resources */ = {isa = PBXBuildFile; fileRef = 5F2B8031295F99D50044E004 /* ExportCategoriesCell.xib */; };
		5F39782A29BBC573007C3B65 /* LoadLocationCell.swift in Sources */ = {isa = PBXBuildFile; fileRef = 5F39782829BBC573007C3B65 /* LoadLocationCell.swift */; };
		5F39782B29BBC573007C3B65 /* LoadLocationCell.xib in Resources */ = {isa = PBXBuildFile; fileRef = 5F39782929BBC573007C3B65 /* LoadLocationCell.xib */; };
		5F39783429C7FA21007C3B65 /* TRError.swift in Sources */ = {isa = PBXBuildFile; fileRef = 5F39783329C7FA21007C3B65 /* TRError.swift */; };
		5F39783B29CB827C007C3B65 /* LoadTableViewController.swift in Sources */ = {isa = PBXBuildFile; fileRef = 5F39783A29CB827C007C3B65 /* LoadTableViewController.swift */; };
		5F39783F29CC8782007C3B65 /* ExpenseTableViewController.swift in Sources */ = {isa = PBXBuildFile; fileRef = 5F39783E29CC8782007C3B65 /* ExpenseTableViewController.swift */; };
		5F39784129CC8C5C007C3B65 /* FuelTableViewController.swift in Sources */ = {isa = PBXBuildFile; fileRef = 5F39784029CC8C5C007C3B65 /* FuelTableViewController.swift */; };
		5F39784329CC9205007C3B65 /* ExpenseViewModel.swift in Sources */ = {isa = PBXBuildFile; fileRef = 5F39784229CC9205007C3B65 /* ExpenseViewModel.swift */; };
		5F39784C29CDD3AB007C3B65 /* ItemDateCell.swift in Sources */ = {isa = PBXBuildFile; fileRef = 5F39784A29CDD3AB007C3B65 /* ItemDateCell.swift */; };
		5F39784D29CDD3AB007C3B65 /* ItemDateCell.xib in Resources */ = {isa = PBXBuildFile; fileRef = 5F39784B29CDD3AB007C3B65 /* ItemDateCell.xib */; };
		5F39785129CE20C7007C3B65 /* LoadDistanceCell.swift in Sources */ = {isa = PBXBuildFile; fileRef = 5F39784F29CE20C7007C3B65 /* LoadDistanceCell.swift */; };
		5F39785229CE20C7007C3B65 /* LoadDistanceCell.xib in Resources */ = {isa = PBXBuildFile; fileRef = 5F39785029CE20C7007C3B65 /* LoadDistanceCell.xib */; };
		5F39785629CE376B007C3B65 /* NameCell.swift in Sources */ = {isa = PBXBuildFile; fileRef = 5F39785429CE376B007C3B65 /* NameCell.swift */; };
		5F39785729CE376B007C3B65 /* NameCell.xib in Resources */ = {isa = PBXBuildFile; fileRef = 5F39785529CE376B007C3B65 /* NameCell.xib */; };
		5F39785929CE3A43007C3B65 /* ContactTextField.swift in Sources */ = {isa = PBXBuildFile; fileRef = 5F39785829CE3A43007C3B65 /* ContactTextField.swift */; };
		5F39785F29CE6F79007C3B65 /* ExpenseFrequencyCell.swift in Sources */ = {isa = PBXBuildFile; fileRef = 5F39785D29CE6F79007C3B65 /* ExpenseFrequencyCell.swift */; };
		5F39786029CE6F79007C3B65 /* ExpenseFrequencyCell.xib in Resources */ = {isa = PBXBuildFile; fileRef = 5F39785E29CE6F79007C3B65 /* ExpenseFrequencyCell.xib */; };
		5F39786429CE8105007C3B65 /* ExpenseNoteCell.swift in Sources */ = {isa = PBXBuildFile; fileRef = 5F39786229CE8105007C3B65 /* ExpenseNoteCell.swift */; };
		5F39786529CE8105007C3B65 /* ExpenseNoteCell.xib in Resources */ = {isa = PBXBuildFile; fileRef = 5F39786329CE8105007C3B65 /* ExpenseNoteCell.xib */; };
		5F39786729CE9EE4007C3B65 /* FuelViewModel.swift in Sources */ = {isa = PBXBuildFile; fileRef = 5F39786629CE9EE4007C3B65 /* FuelViewModel.swift */; };
		5F39786B29D2215F007C3B65 /* SectionTitleHeaderView.swift in Sources */ = {isa = PBXBuildFile; fileRef = 5F39786A29D2215F007C3B65 /* SectionTitleHeaderView.swift */; };
		5F39786D29D221A7007C3B65 /* AddActionFooterView.swift in Sources */ = {isa = PBXBuildFile; fileRef = 5F39786C29D221A7007C3B65 /* AddActionFooterView.swift */; };
		5F39787129D2351C007C3B65 /* AttachmentCell.swift in Sources */ = {isa = PBXBuildFile; fileRef = 5F39786F29D2351C007C3B65 /* AttachmentCell.swift */; };
		5F39787229D2351C007C3B65 /* AttachmentCell.xib in Resources */ = {isa = PBXBuildFile; fileRef = 5F39787029D2351C007C3B65 /* AttachmentCell.xib */; };
		5F39787629D23790007C3B65 /* NoAttachmentCell.swift in Sources */ = {isa = PBXBuildFile; fileRef = 5F39787429D23790007C3B65 /* NoAttachmentCell.swift */; };
		5F39787729D23790007C3B65 /* NoAttachmentCell.xib in Resources */ = {isa = PBXBuildFile; fileRef = 5F39787529D23790007C3B65 /* NoAttachmentCell.xib */; };
		5F39787B29D3761B007C3B65 /* FuelLocationCell.swift in Sources */ = {isa = PBXBuildFile; fileRef = 5F39787929D3761B007C3B65 /* FuelLocationCell.swift */; };
		5F39787C29D3761B007C3B65 /* FuelLocationCell.xib in Resources */ = {isa = PBXBuildFile; fileRef = 5F39787A29D3761B007C3B65 /* FuelLocationCell.xib */; };
		5F39788029D37F6F007C3B65 /* FuelEntryCell.swift in Sources */ = {isa = PBXBuildFile; fileRef = 5F39787E29D37F6F007C3B65 /* FuelEntryCell.swift */; };
		5F39788129D37F6F007C3B65 /* FuelEntryCell.xib in Resources */ = {isa = PBXBuildFile; fileRef = 5F39787F29D37F6F007C3B65 /* FuelEntryCell.xib */; };
		5F39788329D3E24C007C3B65 /* Double+Ext.swift in Sources */ = {isa = PBXBuildFile; fileRef = 5F39788229D3E24C007C3B65 /* Double+Ext.swift */; };
		5F39788529D481E6007C3B65 /* LocationManager.swift in Sources */ = {isa = PBXBuildFile; fileRef = 5F39788429D481E6007C3B65 /* LocationManager.swift */; };
		5F39788729D4BD84007C3B65 /* UITableView+Ext.swift in Sources */ = {isa = PBXBuildFile; fileRef = 5F39788629D4BD84007C3B65 /* UITableView+Ext.swift */; };
		5F39788A29D4BEDB007C3B65 /* EmptyStateView.swift in Sources */ = {isa = PBXBuildFile; fileRef = 5F39788929D4BEDB007C3B65 /* EmptyStateView.swift */; };
		5F39788F29E3320B007C3B65 /* SettingsViewController.swift in Sources */ = {isa = PBXBuildFile; fileRef = 5F39788E29E3320B007C3B65 /* SettingsViewController.swift */; };
		5F71DC7D29574A98003111AF /* ExpandFooterView.swift in Sources */ = {isa = PBXBuildFile; fileRef = 5F71DC7C29574A98003111AF /* ExpandFooterView.swift */; };
		5F71DC8529578138003111AF /* Date+Ext.swift in Sources */ = {isa = PBXBuildFile; fileRef = 5F71DC8429578138003111AF /* Date+Ext.swift */; };
		5F790FFA2944521F00A73600 /* TRButton.swift in Sources */ = {isa = PBXBuildFile; fileRef = 5F790FF92944521F00A73600 /* TRButton.swift */; };
		5F791013294CEC2900A73600 /* FrequencyType.swift in Sources */ = {isa = PBXBuildFile; fileRef = 5F791012294CEC2900A73600 /* FrequencyType.swift */; };
		5F791015294CECF700A73600 /* FuelType.swift in Sources */ = {isa = PBXBuildFile; fileRef = 5F791014294CECF700A73600 /* FuelType.swift */; };
		5F791017294D756600A73600 /* DriverMenuVC.swift in Sources */ = {isa = PBXBuildFile; fileRef = 5F791016294D756600A73600 /* DriverMenuVC.swift */; };
		5F79101C294D7ACE00A73600 /* DriverTypeCell.swift in Sources */ = {isa = PBXBuildFile; fileRef = 5F79101A294D7ACE00A73600 /* DriverTypeCell.swift */; };
		5F79101D294D7ACE00A73600 /* DriverTypeCell.xib in Resources */ = {isa = PBXBuildFile; fileRef = 5F79101B294D7ACE00A73600 /* DriverTypeCell.xib */; };
		5F7B12C028E6448800AA4B6F /* UITableViewCell+Ext.swift in Sources */ = {isa = PBXBuildFile; fileRef = 5F7B12BF28E6448800AA4B6F /* UITableViewCell+Ext.swift */; };
		5F8BE2F528B7F9FA00441353 /* AppDelegate.swift in Sources */ = {isa = PBXBuildFile; fileRef = 5F8BE2F428B7F9FA00441353 /* AppDelegate.swift */; };
		5F8BE2F728B7F9FA00441353 /* SceneDelegate.swift in Sources */ = {isa = PBXBuildFile; fileRef = 5F8BE2F628B7F9FA00441353 /* SceneDelegate.swift */; };
		5F8BE2FC28B7F9FA00441353 /* Main.storyboard in Resources */ = {isa = PBXBuildFile; fileRef = 5F8BE2FA28B7F9FA00441353 /* Main.storyboard */; };
		5F8BE2FF28B7F9FA00441353 /* TruckerTracker.xcdatamodeld in Sources */ = {isa = PBXBuildFile; fileRef = 5F8BE2FD28B7F9FA00441353 /* TruckerTracker.xcdatamodeld */; };
		5F8BE30128B7F9FB00441353 /* Assets.xcassets in Resources */ = {isa = PBXBuildFile; fileRef = 5F8BE30028B7F9FB00441353 /* Assets.xcassets */; };
		5F8BE30428B7F9FB00441353 /* LaunchScreen.storyboard in Resources */ = {isa = PBXBuildFile; fileRef = 5F8BE30228B7F9FB00441353 /* LaunchScreen.storyboard */; };
		5F97B6AA2952CEC6004C5D2A /* DriverPayRateCell.swift in Sources */ = {isa = PBXBuildFile; fileRef = 5F97B6A82952CEC6004C5D2A /* DriverPayRateCell.swift */; };
		5F97B6AB2952CEC6004C5D2A /* DriverPayRateCell.xib in Resources */ = {isa = PBXBuildFile; fileRef = 5F97B6A92952CEC6004C5D2A /* DriverPayRateCell.xib */; };
		5F97B6AE2953F8FB004C5D2A /* TRSlider.swift in Sources */ = {isa = PBXBuildFile; fileRef = 5F97B6AD2953F8FB004C5D2A /* TRSlider.swift */; };
		5F97FD512910F0B900DEEC20 /* LocationSearchVC.swift in Sources */ = {isa = PBXBuildFile; fileRef = 5F97FD502910F0B900DEEC20 /* LocationSearchVC.swift */; };
		5F97FD5529189DC400DEEC20 /* UISearchBar+Ext.swift in Sources */ = {isa = PBXBuildFile; fileRef = 5F97FD5429189DC400DEEC20 /* UISearchBar+Ext.swift */; };
		5F97FD6D292210AA00DEEC20 /* UICollectionReusableView+Ext.swift in Sources */ = {isa = PBXBuildFile; fileRef = 5F97FD6C292210AA00DEEC20 /* UICollectionReusableView+Ext.swift */; };
		5FA55198297B082A00D3596F /* String+Ext.swift in Sources */ = {isa = PBXBuildFile; fileRef = 5FA55197297B082A00D3596F /* String+Ext.swift */; };
		5FA5519C297B1AA800D3596F /* PeriodTypeCell.swift in Sources */ = {isa = PBXBuildFile; fileRef = 5FA5519A297B1AA800D3596F /* PeriodTypeCell.swift */; };
		5FA5519D297B1AA800D3596F /* PeriodTypeCell.xib in Resources */ = {isa = PBXBuildFile; fileRef = 5FA5519B297B1AA800D3596F /* PeriodTypeCell.xib */; };
		5FA551A2297B2B4900D3596F /* PeriodPickerCell.swift in Sources */ = {isa = PBXBuildFile; fileRef = 5FA551A0297B2B4900D3596F /* PeriodPickerCell.swift */; };
		5FA551A3297B2B4900D3596F /* PeriodPickerCell.xib in Resources */ = {isa = PBXBuildFile; fileRef = 5FA551A1297B2B4900D3596F /* PeriodPickerCell.xib */; };
		5FA551A6297B53DC00D3596F /* UserDefaultsManager.swift in Sources */ = {isa = PBXBuildFile; fileRef = 5FA551A5297B53DC00D3596F /* UserDefaultsManager.swift */; };
		5FA551AC2980371600D3596F /* Calendar+Ext.swift in Sources */ = {isa = PBXBuildFile; fileRef = 5FA551AB2980371600D3596F /* Calendar+Ext.swift */; };
		5FA551AF29805BC900D3596F /* Period.swift in Sources */ = {isa = PBXBuildFile; fileRef = 5FA551AE29805BC900D3596F /* Period.swift */; };
		5FA551B129805C6500D3596F /* PeriodType.swift in Sources */ = {isa = PBXBuildFile; fileRef = 5FA551B029805C6500D3596F /* PeriodType.swift */; };
		5FA551B32980654A00D3596F /* UserDefaults+Ext.swift in Sources */ = {isa = PBXBuildFile; fileRef = 5FA551B22980654A00D3596F /* UserDefaults+Ext.swift */; };
		5FA551BA2981F6E900D3596F /* DateInterval+Ext.swift in Sources */ = {isa = PBXBuildFile; fileRef = 5FA551B92981F6E900D3596F /* DateInterval+Ext.swift */; };
		5FA551C329870D7700D3596F /* CustomPeriodCell.swift in Sources */ = {isa = PBXBuildFile; fileRef = 5FA551C129870D7700D3596F /* CustomPeriodCell.swift */; };
		5FA551C429870D7700D3596F /* CustomPeriodCell.xib in Resources */ = {isa = PBXBuildFile; fileRef = 5FA551C229870D7700D3596F /* CustomPeriodCell.xib */; };
		5FA551D2299596A300D3596F /* ItemType.swift in Sources */ = {isa = PBXBuildFile; fileRef = 5FA551D1299596A300D3596F /* ItemType.swift */; };
		5FA551DB29A0797600D3596F /* LoadCell.swift in Sources */ = {isa = PBXBuildFile; fileRef = 5FA551D929A0797600D3596F /* LoadCell.swift */; };
		5FA551DC29A0797600D3596F /* LoadCell.xib in Resources */ = {isa = PBXBuildFile; fileRef = 5FA551DA29A0797600D3596F /* LoadCell.xib */; };
		5FA551E029A0901900D3596F /* ExpenseCell.swift in Sources */ = {isa = PBXBuildFile; fileRef = 5FA551DE29A0901900D3596F /* ExpenseCell.swift */; };
		5FA551E129A0901900D3596F /* ExpenseCell.xib in Resources */ = {isa = PBXBuildFile; fileRef = 5FA551DF29A0901900D3596F /* ExpenseCell.xib */; };
		5FA551E529A0989F00D3596F /* FuelCell.swift in Sources */ = {isa = PBXBuildFile; fileRef = 5FA551E329A0989F00D3596F /* FuelCell.swift */; };
		5FA551E629A0989F00D3596F /* FuelCell.xib in Resources */ = {isa = PBXBuildFile; fileRef = 5FA551E429A0989F00D3596F /* FuelCell.xib */; };
		5FA551EA29A141ED00D3596F /* LoadCellViewModel.swift in Sources */ = {isa = PBXBuildFile; fileRef = 5FA551E929A141ED00D3596F /* LoadCellViewModel.swift */; };
		5FA551F029A1493C00D3596F /* Load.swift in Sources */ = {isa = PBXBuildFile; fileRef = 5FA551EF29A1493C00D3596F /* Load.swift */; };
		5FA551F229A1500B00D3596F /* Expense.swift in Sources */ = {isa = PBXBuildFile; fileRef = 5FA551F129A1500B00D3596F /* Expense.swift */; };
		5FA551F529A150E500D3596F /* ExpenseCellViewModel.swift in Sources */ = {isa = PBXBuildFile; fileRef = 5FA551F429A150E500D3596F /* ExpenseCellViewModel.swift */; };
		5FA551F929A1563800D3596F /* Fuel.swift in Sources */ = {isa = PBXBuildFile; fileRef = 5FA551F829A1563800D3596F /* Fuel.swift */; };
		5FA551FB29A1576E00D3596F /* FuelCellViewModel.swift in Sources */ = {isa = PBXBuildFile; fileRef = 5FA551FA29A1576E00D3596F /* FuelCellViewModel.swift */; };
		5FA551FD29A164D400D3596F /* Numeric+Ext.swift in Sources */ = {isa = PBXBuildFile; fileRef = 5FA551FC29A164D400D3596F /* Numeric+Ext.swift */; };
		5FB723B529F82E09003E6778 /* ToolsSettingsViewModel.swift in Sources */ = {isa = PBXBuildFile; fileRef = 5FB723B429F82E09003E6778 /* ToolsSettingsViewModel.swift */; };
		5FB723B729FDBD41003E6778 /* Array+Ext.swift in Sources */ = {isa = PBXBuildFile; fileRef = 5FB723B629FDBD41003E6778 /* Array+Ext.swift */; };
		5FB723B929FF6069003E6778 /* HomeViewModel.swift in Sources */ = {isa = PBXBuildFile; fileRef = 5FB723B829FF6069003E6778 /* HomeViewModel.swift */; };
		5FB723C22A008122003E6778 /* Notification+Ext.swift in Sources */ = {isa = PBXBuildFile; fileRef = 5FB723C12A008122003E6778 /* Notification+Ext.swift */; };
		5FB723C82A01796E003E6778 /* PeriodDisplayViewController.swift in Sources */ = {isa = PBXBuildFile; fileRef = 5FB723C72A01796E003E6778 /* PeriodDisplayViewController.swift */; };
		5FB723CA2A0179DC003E6778 /* PeriodSelectorViewController.swift in Sources */ = {isa = PBXBuildFile; fileRef = 5FB723C92A0179DC003E6778 /* PeriodSelectorViewController.swift */; };
		5FB723CC2A017B06003E6778 /* OptionPickerViewController.swift in Sources */ = {isa = PBXBuildFile; fileRef = 5FB723CB2A017B06003E6778 /* OptionPickerViewController.swift */; };
		5FB723CE2A017BB5003E6778 /* DatePickerViewController.swift in Sources */ = {isa = PBXBuildFile; fileRef = 5FB723CD2A017BB5003E6778 /* DatePickerViewController.swift */; };
		5FB723D02A017C30003E6778 /* AlertViewController.swift in Sources */ = {isa = PBXBuildFile; fileRef = 5FB723CF2A017C30003E6778 /* AlertViewController.swift */; };
		5FB92F2828B91FF20037A4AD /* TRTabBarController.swift in Sources */ = {isa = PBXBuildFile; fileRef = 5FB92F2728B91FF20037A4AD /* TRTabBarController.swift */; };
		5FB92F2A28B920540037A4AD /* TRTabBar.swift in Sources */ = {isa = PBXBuildFile; fileRef = 5FB92F2928B920540037A4AD /* TRTabBar.swift */; };
		5FB92F3728BC18ED0037A4AD /* Constants.swift in Sources */ = {isa = PBXBuildFile; fileRef = 5FB92F3628BC18ED0037A4AD /* Constants.swift */; };
		5FB92F3A28BD7CCB0037A4AD /* UIView+Ext.swift in Sources */ = {isa = PBXBuildFile; fileRef = 5FB92F3928BD7CCB0037A4AD /* UIView+Ext.swift */; };
		5FDF97C429E33E0A00DCD038 /* SettingsType.swift in Sources */ = {isa = PBXBuildFile; fileRef = 5FDF97C329E33E0A00DCD038 /* SettingsType.swift */; };
		5FDF97C829E4B37500DCD038 /* SettingsCell.swift in Sources */ = {isa = PBXBuildFile; fileRef = 5FDF97C629E4B37500DCD038 /* SettingsCell.swift */; };
		5FDF97C929E4B37500DCD038 /* SettingsCell.xib in Resources */ = {isa = PBXBuildFile; fileRef = 5FDF97C729E4B37500DCD038 /* SettingsCell.xib */; };
		5FDF97CB29E4D5EC00DCD038 /* ImagePickerManager.swift in Sources */ = {isa = PBXBuildFile; fileRef = 5FDF97CA29E4D5EC00DCD038 /* ImagePickerManager.swift */; };
		5FDF97D229F6D7CA00DCD038 /* SettingsDetailViewController.swift in Sources */ = {isa = PBXBuildFile; fileRef = 5FDF97D129F6D7CA00DCD038 /* SettingsDetailViewController.swift */; };
		5FDF97D429F6D91100DCD038 /* ToolsSettingsViewController.swift in Sources */ = {isa = PBXBuildFile; fileRef = 5FDF97D329F6D91100DCD038 /* ToolsSettingsViewController.swift */; };
		5FDF97DE29F7241E00DCD038 /* SettingOptionPickerCell.swift in Sources */ = {isa = PBXBuildFile; fileRef = 5FDF97DC29F7241E00DCD038 /* SettingOptionPickerCell.swift */; };
		5FDF97DF29F7241E00DCD038 /* SettingOptionPickerCell.xib in Resources */ = {isa = PBXBuildFile; fileRef = 5FDF97DD29F7241E00DCD038 /* SettingOptionPickerCell.xib */; };
		5FEC7BB529B792080091F8FB /* LoadViewModel.swift in Sources */ = {isa = PBXBuildFile; fileRef = 5FEC7BB429B792080091F8FB /* LoadViewModel.swift */; };
		5FEC7BB729B7D1980091F8FB /* ItemViewController.swift in Sources */ = {isa = PBXBuildFile; fileRef = 5FEC7BB629B7D1980091F8FB /* ItemViewController.swift */; };
		5FEC7BB929B7D3160091F8FB /* HomeViewController.swift in Sources */ = {isa = PBXBuildFile; fileRef = 5FEC7BB829B7D3160091F8FB /* HomeViewController.swift */; };
		5FEC7BCA29B8E1C60091F8FB /* AmountTextField.swift in Sources */ = {isa = PBXBuildFile; fileRef = 5FEC7BC929B8E1C60091F8FB /* AmountTextField.swift */; };
/* End PBXBuildFile section */

/* Begin PBXFileReference section */
		5F16E3A42A02B91C00BA5DFD /* DriverSettingsViewController.swift */ = {isa = PBXFileReference; lastKnownFileType = sourcecode.swift; path = DriverSettingsViewController.swift; sourceTree = "<group>"; };
		5F16E3A62A02B9E500BA5DFD /* SettingInputCell.swift */ = {isa = PBXFileReference; lastKnownFileType = sourcecode.swift; path = SettingInputCell.swift; sourceTree = "<group>"; };
		5F16E3A72A02B9E500BA5DFD /* SettingInputCell.xib */ = {isa = PBXFileReference; lastKnownFileType = file.xib; path = SettingInputCell.xib; sourceTree = "<group>"; };
		5F16E3AA2A02C5DD00BA5DFD /* DriverSettingsViewModel.swift */ = {isa = PBXFileReference; lastKnownFileType = sourcecode.swift; path = DriverSettingsViewModel.swift; sourceTree = "<group>"; };
		5F16E3B02A02D1CD00BA5DFD /* AppSettingsEnums.swift */ = {isa = PBXFileReference; lastKnownFileType = sourcecode.swift; path = AppSettingsEnums.swift; sourceTree = "<group>"; };
		5F2B80042958CC3E0044E004 /* RecurringMenuVC.swift */ = {isa = PBXFileReference; lastKnownFileType = sourcecode.swift; path = RecurringMenuVC.swift; sourceTree = "<group>"; };
		5F2B80062958CC5C0044E004 /* RecurringExpenseCell.swift */ = {isa = PBXFileReference; lastKnownFileType = sourcecode.swift; path = RecurringExpenseCell.swift; sourceTree = "<group>"; };
		5F2B80072958CC5C0044E004 /* RecurringExpenseCell.xib */ = {isa = PBXFileReference; lastKnownFileType = file.xib; path = RecurringExpenseCell.xib; sourceTree = "<group>"; };
		5F2B800A295A02480044E004 /* ContactMenuVC.swift */ = {isa = PBXFileReference; lastKnownFileType = sourcecode.swift; path = ContactMenuVC.swift; sourceTree = "<group>"; };
		5F2B800D295A05DD0044E004 /* ContactCell.swift */ = {isa = PBXFileReference; lastKnownFileType = sourcecode.swift; path = ContactCell.swift; sourceTree = "<group>"; };
		5F2B800E295A05DD0044E004 /* ContactCell.xib */ = {isa = PBXFileReference; lastKnownFileType = file.xib; path = ContactCell.xib; sourceTree = "<group>"; };
		5F2B8014295A14D50044E004 /* UIViewController+Ext.swift */ = {isa = PBXFileReference; lastKnownFileType = sourcecode.swift; path = "UIViewController+Ext.swift"; sourceTree = "<group>"; };
		5F2B8016295A95C10044E004 /* DataMenuVC.swift */ = {isa = PBXFileReference; lastKnownFileType = sourcecode.swift; path = DataMenuVC.swift; sourceTree = "<group>"; };
		5F2B8019295AA0900044E004 /* TRSegmentedControl.swift */ = {isa = PBXFileReference; lastKnownFileType = sourcecode.swift; path = TRSegmentedControl.swift; sourceTree = "<group>"; };
		5F2B801E295E2DC30044E004 /* SyncInfoCell.swift */ = {isa = PBXFileReference; lastKnownFileType = sourcecode.swift; path = SyncInfoCell.swift; sourceTree = "<group>"; };
		5F2B801F295E2DC30044E004 /* SyncInfoCell.xib */ = {isa = PBXFileReference; lastKnownFileType = file.xib; path = SyncInfoCell.xib; sourceTree = "<group>"; };
		5F2B8026295F7D080044E004 /* ResetOptionCell.swift */ = {isa = PBXFileReference; lastKnownFileType = sourcecode.swift; path = ResetOptionCell.swift; sourceTree = "<group>"; };
		5F2B8027295F7D080044E004 /* ResetOptionCell.xib */ = {isa = PBXFileReference; lastKnownFileType = file.xib; path = ResetOptionCell.xib; sourceTree = "<group>"; };
		5F2B802B295F8DAA0044E004 /* ExportPeriodCell.swift */ = {isa = PBXFileReference; lastKnownFileType = sourcecode.swift; path = ExportPeriodCell.swift; sourceTree = "<group>"; };
		5F2B802C295F8DAA0044E004 /* ExportPeriodCell.xib */ = {isa = PBXFileReference; lastKnownFileType = file.xib; path = ExportPeriodCell.xib; sourceTree = "<group>"; };
		5F2B8030295F99D50044E004 /* ExportCategoriesCell.swift */ = {isa = PBXFileReference; lastKnownFileType = sourcecode.swift; path = ExportCategoriesCell.swift; sourceTree = "<group>"; };
		5F2B8031295F99D50044E004 /* ExportCategoriesCell.xib */ = {isa = PBXFileReference; lastKnownFileType = file.xib; path = ExportCategoriesCell.xib; sourceTree = "<group>"; };
		5F39782829BBC573007C3B65 /* LoadLocationCell.swift */ = {isa = PBXFileReference; lastKnownFileType = sourcecode.swift; path = LoadLocationCell.swift; sourceTree = "<group>"; };
		5F39782929BBC573007C3B65 /* LoadLocationCell.xib */ = {isa = PBXFileReference; lastKnownFileType = file.xib; path = LoadLocationCell.xib; sourceTree = "<group>"; };
		5F39783329C7FA21007C3B65 /* TRError.swift */ = {isa = PBXFileReference; lastKnownFileType = sourcecode.swift; path = TRError.swift; sourceTree = "<group>"; };
		5F39783A29CB827C007C3B65 /* LoadTableViewController.swift */ = {isa = PBXFileReference; lastKnownFileType = sourcecode.swift; path = LoadTableViewController.swift; sourceTree = "<group>"; };
		5F39783E29CC8782007C3B65 /* ExpenseTableViewController.swift */ = {isa = PBXFileReference; lastKnownFileType = sourcecode.swift; path = ExpenseTableViewController.swift; sourceTree = "<group>"; };
		5F39784029CC8C5C007C3B65 /* FuelTableViewController.swift */ = {isa = PBXFileReference; lastKnownFileType = sourcecode.swift; path = FuelTableViewController.swift; sourceTree = "<group>"; };
		5F39784229CC9205007C3B65 /* ExpenseViewModel.swift */ = {isa = PBXFileReference; lastKnownFileType = sourcecode.swift; path = ExpenseViewModel.swift; sourceTree = "<group>"; };
		5F39784A29CDD3AB007C3B65 /* ItemDateCell.swift */ = {isa = PBXFileReference; lastKnownFileType = sourcecode.swift; path = ItemDateCell.swift; sourceTree = "<group>"; };
		5F39784B29CDD3AB007C3B65 /* ItemDateCell.xib */ = {isa = PBXFileReference; lastKnownFileType = file.xib; path = ItemDateCell.xib; sourceTree = "<group>"; };
		5F39784F29CE20C7007C3B65 /* LoadDistanceCell.swift */ = {isa = PBXFileReference; lastKnownFileType = sourcecode.swift; path = LoadDistanceCell.swift; sourceTree = "<group>"; };
		5F39785029CE20C7007C3B65 /* LoadDistanceCell.xib */ = {isa = PBXFileReference; lastKnownFileType = file.xib; path = LoadDistanceCell.xib; sourceTree = "<group>"; };
		5F39785429CE376B007C3B65 /* NameCell.swift */ = {isa = PBXFileReference; lastKnownFileType = sourcecode.swift; path = NameCell.swift; sourceTree = "<group>"; };
		5F39785529CE376B007C3B65 /* NameCell.xib */ = {isa = PBXFileReference; lastKnownFileType = file.xib; path = NameCell.xib; sourceTree = "<group>"; };
		5F39785829CE3A43007C3B65 /* ContactTextField.swift */ = {isa = PBXFileReference; lastKnownFileType = sourcecode.swift; path = ContactTextField.swift; sourceTree = "<group>"; };
		5F39785D29CE6F79007C3B65 /* ExpenseFrequencyCell.swift */ = {isa = PBXFileReference; lastKnownFileType = sourcecode.swift; path = ExpenseFrequencyCell.swift; sourceTree = "<group>"; };
		5F39785E29CE6F79007C3B65 /* ExpenseFrequencyCell.xib */ = {isa = PBXFileReference; lastKnownFileType = file.xib; path = ExpenseFrequencyCell.xib; sourceTree = "<group>"; };
		5F39786229CE8105007C3B65 /* ExpenseNoteCell.swift */ = {isa = PBXFileReference; lastKnownFileType = sourcecode.swift; path = ExpenseNoteCell.swift; sourceTree = "<group>"; };
		5F39786329CE8105007C3B65 /* ExpenseNoteCell.xib */ = {isa = PBXFileReference; lastKnownFileType = file.xib; path = ExpenseNoteCell.xib; sourceTree = "<group>"; };
		5F39786629CE9EE4007C3B65 /* FuelViewModel.swift */ = {isa = PBXFileReference; lastKnownFileType = sourcecode.swift; path = FuelViewModel.swift; sourceTree = "<group>"; };
		5F39786A29D2215F007C3B65 /* SectionTitleHeaderView.swift */ = {isa = PBXFileReference; lastKnownFileType = sourcecode.swift; path = SectionTitleHeaderView.swift; sourceTree = "<group>"; };
		5F39786C29D221A7007C3B65 /* AddActionFooterView.swift */ = {isa = PBXFileReference; lastKnownFileType = sourcecode.swift; path = AddActionFooterView.swift; sourceTree = "<group>"; };
		5F39786F29D2351C007C3B65 /* AttachmentCell.swift */ = {isa = PBXFileReference; lastKnownFileType = sourcecode.swift; path = AttachmentCell.swift; sourceTree = "<group>"; };
		5F39787029D2351C007C3B65 /* AttachmentCell.xib */ = {isa = PBXFileReference; lastKnownFileType = file.xib; path = AttachmentCell.xib; sourceTree = "<group>"; };
		5F39787429D23790007C3B65 /* NoAttachmentCell.swift */ = {isa = PBXFileReference; lastKnownFileType = sourcecode.swift; path = NoAttachmentCell.swift; sourceTree = "<group>"; };
		5F39787529D23790007C3B65 /* NoAttachmentCell.xib */ = {isa = PBXFileReference; lastKnownFileType = file.xib; path = NoAttachmentCell.xib; sourceTree = "<group>"; };
		5F39787929D3761B007C3B65 /* FuelLocationCell.swift */ = {isa = PBXFileReference; lastKnownFileType = sourcecode.swift; path = FuelLocationCell.swift; sourceTree = "<group>"; };
		5F39787A29D3761B007C3B65 /* FuelLocationCell.xib */ = {isa = PBXFileReference; lastKnownFileType = file.xib; path = FuelLocationCell.xib; sourceTree = "<group>"; };
		5F39787E29D37F6F007C3B65 /* FuelEntryCell.swift */ = {isa = PBXFileReference; lastKnownFileType = sourcecode.swift; path = FuelEntryCell.swift; sourceTree = "<group>"; };
		5F39787F29D37F6F007C3B65 /* FuelEntryCell.xib */ = {isa = PBXFileReference; lastKnownFileType = file.xib; path = FuelEntryCell.xib; sourceTree = "<group>"; };
		5F39788229D3E24C007C3B65 /* Double+Ext.swift */ = {isa = PBXFileReference; lastKnownFileType = sourcecode.swift; path = "Double+Ext.swift"; sourceTree = "<group>"; };
		5F39788429D481E6007C3B65 /* LocationManager.swift */ = {isa = PBXFileReference; lastKnownFileType = sourcecode.swift; path = LocationManager.swift; sourceTree = "<group>"; };
		5F39788629D4BD84007C3B65 /* UITableView+Ext.swift */ = {isa = PBXFileReference; lastKnownFileType = sourcecode.swift; path = "UITableView+Ext.swift"; sourceTree = "<group>"; };
		5F39788929D4BEDB007C3B65 /* EmptyStateView.swift */ = {isa = PBXFileReference; lastKnownFileType = sourcecode.swift; path = EmptyStateView.swift; sourceTree = "<group>"; };
		5F39788E29E3320B007C3B65 /* SettingsViewController.swift */ = {isa = PBXFileReference; lastKnownFileType = sourcecode.swift; path = SettingsViewController.swift; sourceTree = "<group>"; };
		5F71DC7C29574A98003111AF /* ExpandFooterView.swift */ = {isa = PBXFileReference; lastKnownFileType = sourcecode.swift; path = ExpandFooterView.swift; sourceTree = "<group>"; };
		5F71DC8429578138003111AF /* Date+Ext.swift */ = {isa = PBXFileReference; lastKnownFileType = sourcecode.swift; path = "Date+Ext.swift"; sourceTree = "<group>"; };
		5F790FF92944521F00A73600 /* TRButton.swift */ = {isa = PBXFileReference; lastKnownFileType = sourcecode.swift; path = TRButton.swift; sourceTree = "<group>"; };
		5F791012294CEC2900A73600 /* FrequencyType.swift */ = {isa = PBXFileReference; lastKnownFileType = sourcecode.swift; path = FrequencyType.swift; sourceTree = "<group>"; };
		5F791014294CECF700A73600 /* FuelType.swift */ = {isa = PBXFileReference; lastKnownFileType = sourcecode.swift; path = FuelType.swift; sourceTree = "<group>"; };
		5F791016294D756600A73600 /* DriverMenuVC.swift */ = {isa = PBXFileReference; lastKnownFileType = sourcecode.swift; path = DriverMenuVC.swift; sourceTree = "<group>"; };
		5F79101A294D7ACE00A73600 /* DriverTypeCell.swift */ = {isa = PBXFileReference; lastKnownFileType = sourcecode.swift; path = DriverTypeCell.swift; sourceTree = "<group>"; };
		5F79101B294D7ACE00A73600 /* DriverTypeCell.xib */ = {isa = PBXFileReference; lastKnownFileType = file.xib; path = DriverTypeCell.xib; sourceTree = "<group>"; };
		5F7B12BF28E6448800AA4B6F /* UITableViewCell+Ext.swift */ = {isa = PBXFileReference; lastKnownFileType = sourcecode.swift; path = "UITableViewCell+Ext.swift"; sourceTree = "<group>"; };
		5F8BE2F128B7F9FA00441353 /* TruckerTracker.app */ = {isa = PBXFileReference; explicitFileType = wrapper.application; includeInIndex = 0; path = TruckerTracker.app; sourceTree = BUILT_PRODUCTS_DIR; };
		5F8BE2F428B7F9FA00441353 /* AppDelegate.swift */ = {isa = PBXFileReference; lastKnownFileType = sourcecode.swift; path = AppDelegate.swift; sourceTree = "<group>"; };
		5F8BE2F628B7F9FA00441353 /* SceneDelegate.swift */ = {isa = PBXFileReference; lastKnownFileType = sourcecode.swift; path = SceneDelegate.swift; sourceTree = "<group>"; };
		5F8BE2FB28B7F9FA00441353 /* Base */ = {isa = PBXFileReference; lastKnownFileType = file.storyboard; name = Base; path = Base.lproj/Main.storyboard; sourceTree = "<group>"; };
		5F8BE2FE28B7F9FA00441353 /* TruckerTracker.xcdatamodel */ = {isa = PBXFileReference; lastKnownFileType = wrapper.xcdatamodel; path = TruckerTracker.xcdatamodel; sourceTree = "<group>"; };
		5F8BE30028B7F9FB00441353 /* Assets.xcassets */ = {isa = PBXFileReference; lastKnownFileType = folder.assetcatalog; path = Assets.xcassets; sourceTree = "<group>"; };
		5F8BE30328B7F9FB00441353 /* Base */ = {isa = PBXFileReference; lastKnownFileType = file.storyboard; name = Base; path = Base.lproj/LaunchScreen.storyboard; sourceTree = "<group>"; };
		5F8BE30528B7F9FB00441353 /* Info.plist */ = {isa = PBXFileReference; lastKnownFileType = text.plist.xml; path = Info.plist; sourceTree = "<group>"; };
		5F97B6A82952CEC6004C5D2A /* DriverPayRateCell.swift */ = {isa = PBXFileReference; lastKnownFileType = sourcecode.swift; path = DriverPayRateCell.swift; sourceTree = "<group>"; };
		5F97B6A92952CEC6004C5D2A /* DriverPayRateCell.xib */ = {isa = PBXFileReference; lastKnownFileType = file.xib; path = DriverPayRateCell.xib; sourceTree = "<group>"; };
		5F97B6AD2953F8FB004C5D2A /* TRSlider.swift */ = {isa = PBXFileReference; lastKnownFileType = sourcecode.swift; path = TRSlider.swift; sourceTree = "<group>"; };
		5F97FD502910F0B900DEEC20 /* LocationSearchVC.swift */ = {isa = PBXFileReference; lastKnownFileType = sourcecode.swift; path = LocationSearchVC.swift; sourceTree = "<group>"; };
		5F97FD5429189DC400DEEC20 /* UISearchBar+Ext.swift */ = {isa = PBXFileReference; lastKnownFileType = sourcecode.swift; path = "UISearchBar+Ext.swift"; sourceTree = "<group>"; };
		5F97FD6C292210AA00DEEC20 /* UICollectionReusableView+Ext.swift */ = {isa = PBXFileReference; lastKnownFileType = sourcecode.swift; path = "UICollectionReusableView+Ext.swift"; sourceTree = "<group>"; };
		5FA55197297B082A00D3596F /* String+Ext.swift */ = {isa = PBXFileReference; lastKnownFileType = sourcecode.swift; path = "String+Ext.swift"; sourceTree = "<group>"; };
		5FA5519A297B1AA800D3596F /* PeriodTypeCell.swift */ = {isa = PBXFileReference; lastKnownFileType = sourcecode.swift; path = PeriodTypeCell.swift; sourceTree = "<group>"; };
		5FA5519B297B1AA800D3596F /* PeriodTypeCell.xib */ = {isa = PBXFileReference; lastKnownFileType = file.xib; path = PeriodTypeCell.xib; sourceTree = "<group>"; };
		5FA551A0297B2B4900D3596F /* PeriodPickerCell.swift */ = {isa = PBXFileReference; lastKnownFileType = sourcecode.swift; path = PeriodPickerCell.swift; sourceTree = "<group>"; };
		5FA551A1297B2B4900D3596F /* PeriodPickerCell.xib */ = {isa = PBXFileReference; lastKnownFileType = file.xib; path = PeriodPickerCell.xib; sourceTree = "<group>"; };
		5FA551A5297B53DC00D3596F /* UserDefaultsManager.swift */ = {isa = PBXFileReference; lastKnownFileType = sourcecode.swift; path = UserDefaultsManager.swift; sourceTree = "<group>"; };
		5FA551AB2980371600D3596F /* Calendar+Ext.swift */ = {isa = PBXFileReference; lastKnownFileType = sourcecode.swift; path = "Calendar+Ext.swift"; sourceTree = "<group>"; };
		5FA551AE29805BC900D3596F /* Period.swift */ = {isa = PBXFileReference; lastKnownFileType = sourcecode.swift; path = Period.swift; sourceTree = "<group>"; };
		5FA551B029805C6500D3596F /* PeriodType.swift */ = {isa = PBXFileReference; lastKnownFileType = sourcecode.swift; path = PeriodType.swift; sourceTree = "<group>"; };
		5FA551B22980654A00D3596F /* UserDefaults+Ext.swift */ = {isa = PBXFileReference; lastKnownFileType = sourcecode.swift; path = "UserDefaults+Ext.swift"; sourceTree = "<group>"; };
		5FA551B92981F6E900D3596F /* DateInterval+Ext.swift */ = {isa = PBXFileReference; lastKnownFileType = sourcecode.swift; path = "DateInterval+Ext.swift"; sourceTree = "<group>"; };
		5FA551C129870D7700D3596F /* CustomPeriodCell.swift */ = {isa = PBXFileReference; lastKnownFileType = sourcecode.swift; path = CustomPeriodCell.swift; sourceTree = "<group>"; };
		5FA551C229870D7700D3596F /* CustomPeriodCell.xib */ = {isa = PBXFileReference; lastKnownFileType = file.xib; path = CustomPeriodCell.xib; sourceTree = "<group>"; };
		5FA551D1299596A300D3596F /* ItemType.swift */ = {isa = PBXFileReference; lastKnownFileType = sourcecode.swift; path = ItemType.swift; sourceTree = "<group>"; };
		5FA551D929A0797600D3596F /* LoadCell.swift */ = {isa = PBXFileReference; lastKnownFileType = sourcecode.swift; path = LoadCell.swift; sourceTree = "<group>"; };
		5FA551DA29A0797600D3596F /* LoadCell.xib */ = {isa = PBXFileReference; lastKnownFileType = file.xib; path = LoadCell.xib; sourceTree = "<group>"; };
		5FA551DE29A0901900D3596F /* ExpenseCell.swift */ = {isa = PBXFileReference; lastKnownFileType = sourcecode.swift; path = ExpenseCell.swift; sourceTree = "<group>"; };
		5FA551DF29A0901900D3596F /* ExpenseCell.xib */ = {isa = PBXFileReference; lastKnownFileType = file.xib; path = ExpenseCell.xib; sourceTree = "<group>"; };
		5FA551E329A0989F00D3596F /* FuelCell.swift */ = {isa = PBXFileReference; lastKnownFileType = sourcecode.swift; path = FuelCell.swift; sourceTree = "<group>"; };
		5FA551E429A0989F00D3596F /* FuelCell.xib */ = {isa = PBXFileReference; lastKnownFileType = file.xib; path = FuelCell.xib; sourceTree = "<group>"; };
		5FA551E929A141ED00D3596F /* LoadCellViewModel.swift */ = {isa = PBXFileReference; lastKnownFileType = sourcecode.swift; path = LoadCellViewModel.swift; sourceTree = "<group>"; };
		5FA551EF29A1493C00D3596F /* Load.swift */ = {isa = PBXFileReference; lastKnownFileType = sourcecode.swift; path = Load.swift; sourceTree = "<group>"; };
		5FA551F129A1500B00D3596F /* Expense.swift */ = {isa = PBXFileReference; lastKnownFileType = sourcecode.swift; path = Expense.swift; sourceTree = "<group>"; };
		5FA551F429A150E500D3596F /* ExpenseCellViewModel.swift */ = {isa = PBXFileReference; lastKnownFileType = sourcecode.swift; path = ExpenseCellViewModel.swift; sourceTree = "<group>"; };
		5FA551F829A1563800D3596F /* Fuel.swift */ = {isa = PBXFileReference; lastKnownFileType = sourcecode.swift; path = Fuel.swift; sourceTree = "<group>"; };
		5FA551FA29A1576E00D3596F /* FuelCellViewModel.swift */ = {isa = PBXFileReference; lastKnownFileType = sourcecode.swift; path = FuelCellViewModel.swift; sourceTree = "<group>"; };
		5FA551FC29A164D400D3596F /* Numeric+Ext.swift */ = {isa = PBXFileReference; lastKnownFileType = sourcecode.swift; path = "Numeric+Ext.swift"; sourceTree = "<group>"; };
		5FB723B429F82E09003E6778 /* ToolsSettingsViewModel.swift */ = {isa = PBXFileReference; lastKnownFileType = sourcecode.swift; path = ToolsSettingsViewModel.swift; sourceTree = "<group>"; };
		5FB723B629FDBD41003E6778 /* Array+Ext.swift */ = {isa = PBXFileReference; lastKnownFileType = sourcecode.swift; path = "Array+Ext.swift"; sourceTree = "<group>"; };
		5FB723B829FF6069003E6778 /* HomeViewModel.swift */ = {isa = PBXFileReference; lastKnownFileType = sourcecode.swift; path = HomeViewModel.swift; sourceTree = "<group>"; };
		5FB723C12A008122003E6778 /* Notification+Ext.swift */ = {isa = PBXFileReference; lastKnownFileType = sourcecode.swift; path = "Notification+Ext.swift"; sourceTree = "<group>"; };
		5FB723C72A01796E003E6778 /* PeriodDisplayViewController.swift */ = {isa = PBXFileReference; lastKnownFileType = sourcecode.swift; path = PeriodDisplayViewController.swift; sourceTree = "<group>"; };
		5FB723C92A0179DC003E6778 /* PeriodSelectorViewController.swift */ = {isa = PBXFileReference; lastKnownFileType = sourcecode.swift; path = PeriodSelectorViewController.swift; sourceTree = "<group>"; };
		5FB723CB2A017B06003E6778 /* OptionPickerViewController.swift */ = {isa = PBXFileReference; lastKnownFileType = sourcecode.swift; path = OptionPickerViewController.swift; sourceTree = "<group>"; };
		5FB723CD2A017BB5003E6778 /* DatePickerViewController.swift */ = {isa = PBXFileReference; lastKnownFileType = sourcecode.swift; path = DatePickerViewController.swift; sourceTree = "<group>"; };
		5FB723CF2A017C30003E6778 /* AlertViewController.swift */ = {isa = PBXFileReference; lastKnownFileType = sourcecode.swift; path = AlertViewController.swift; sourceTree = "<group>"; };
		5FB92F2728B91FF20037A4AD /* TRTabBarController.swift */ = {isa = PBXFileReference; lastKnownFileType = sourcecode.swift; path = TRTabBarController.swift; sourceTree = "<group>"; };
		5FB92F2928B920540037A4AD /* TRTabBar.swift */ = {isa = PBXFileReference; lastKnownFileType = sourcecode.swift; path = TRTabBar.swift; sourceTree = "<group>"; };
		5FB92F3628BC18ED0037A4AD /* Constants.swift */ = {isa = PBXFileReference; lastKnownFileType = sourcecode.swift; path = Constants.swift; sourceTree = "<group>"; };
		5FB92F3928BD7CCB0037A4AD /* UIView+Ext.swift */ = {isa = PBXFileReference; lastKnownFileType = sourcecode.swift; path = "UIView+Ext.swift"; sourceTree = "<group>"; };
		5FDF97C329E33E0A00DCD038 /* SettingsType.swift */ = {isa = PBXFileReference; lastKnownFileType = sourcecode.swift; path = SettingsType.swift; sourceTree = "<group>"; };
		5FDF97C629E4B37500DCD038 /* SettingsCell.swift */ = {isa = PBXFileReference; lastKnownFileType = sourcecode.swift; path = SettingsCell.swift; sourceTree = "<group>"; };
		5FDF97C729E4B37500DCD038 /* SettingsCell.xib */ = {isa = PBXFileReference; lastKnownFileType = file.xib; path = SettingsCell.xib; sourceTree = "<group>"; };
		5FDF97CA29E4D5EC00DCD038 /* ImagePickerManager.swift */ = {isa = PBXFileReference; lastKnownFileType = sourcecode.swift; path = ImagePickerManager.swift; sourceTree = "<group>"; };
		5FDF97D129F6D7CA00DCD038 /* SettingsDetailViewController.swift */ = {isa = PBXFileReference; lastKnownFileType = sourcecode.swift; path = SettingsDetailViewController.swift; sourceTree = "<group>"; };
		5FDF97D329F6D91100DCD038 /* ToolsSettingsViewController.swift */ = {isa = PBXFileReference; lastKnownFileType = sourcecode.swift; path = ToolsSettingsViewController.swift; sourceTree = "<group>"; };
		5FDF97DC29F7241E00DCD038 /* SettingOptionPickerCell.swift */ = {isa = PBXFileReference; lastKnownFileType = sourcecode.swift; path = SettingOptionPickerCell.swift; sourceTree = "<group>"; };
		5FDF97DD29F7241E00DCD038 /* SettingOptionPickerCell.xib */ = {isa = PBXFileReference; lastKnownFileType = file.xib; path = SettingOptionPickerCell.xib; sourceTree = "<group>"; };
		5FEC7BB429B792080091F8FB /* LoadViewModel.swift */ = {isa = PBXFileReference; lastKnownFileType = sourcecode.swift; path = LoadViewModel.swift; sourceTree = "<group>"; };
		5FEC7BB629B7D1980091F8FB /* ItemViewController.swift */ = {isa = PBXFileReference; lastKnownFileType = sourcecode.swift; path = ItemViewController.swift; sourceTree = "<group>"; };
		5FEC7BB829B7D3160091F8FB /* HomeViewController.swift */ = {isa = PBXFileReference; lastKnownFileType = sourcecode.swift; path = HomeViewController.swift; sourceTree = "<group>"; };
		5FEC7BC929B8E1C60091F8FB /* AmountTextField.swift */ = {isa = PBXFileReference; lastKnownFileType = sourcecode.swift; path = AmountTextField.swift; sourceTree = "<group>"; };
/* End PBXFileReference section */

/* Begin PBXFrameworksBuildPhase section */
		5F8BE2EE28B7F9FA00441353 /* Frameworks */ = {
			isa = PBXFrameworksBuildPhase;
			buildActionMask = 2147483647;
			files = (
			);
			runOnlyForDeploymentPostprocessing = 0;
		};
/* End PBXFrameworksBuildPhase section */

/* Begin PBXGroup section */
		5F16E3AC2A02CCB900BA5DFD /* Settings */ = {
			isa = PBXGroup;
			children = (
				5FDF97C329E33E0A00DCD038 /* SettingsType.swift */,
				5F16E3B02A02D1CD00BA5DFD /* AppSettingsEnums.swift */,
			);
			path = Settings;
			sourceTree = "<group>";
		};
		5F16E3AD2A02CCF600BA5DFD /* Item */ = {
			isa = PBXGroup;
			children = (
				5FA551D1299596A300D3596F /* ItemType.swift */,
				5F791014294CECF700A73600 /* FuelType.swift */,
				5F791012294CEC2900A73600 /* FrequencyType.swift */,
			);
			path = Item;
			sourceTree = "<group>";
		};
		5F28CF8329A1A0A80068C425 /* Item */ = {
			isa = PBXGroup;
			children = (
				5FEC7BB629B7D1980091F8FB /* ItemViewController.swift */,
				5F39783E29CC8782007C3B65 /* ExpenseTableViewController.swift */,
				5F39783A29CB827C007C3B65 /* LoadTableViewController.swift */,
				5F39784029CC8C5C007C3B65 /* FuelTableViewController.swift */,
			);
			path = Item;
			sourceTree = "<group>";
		};
		5F2B7FFF2958BD260044E004 /* RecuringCell */ = {
			isa = PBXGroup;
			children = (
				5F2B80062958CC5C0044E004 /* RecurringExpenseCell.swift */,
				5F2B80072958CC5C0044E004 /* RecurringExpenseCell.xib */,
			);
			path = RecuringCell;
			sourceTree = "<group>";
		};
		5F2B800C295A05A90044E004 /* ContactCell */ = {
			isa = PBXGroup;
			children = (
				5F2B800D295A05DD0044E004 /* ContactCell.swift */,
				5F2B800E295A05DD0044E004 /* ContactCell.xib */,
			);
			path = ContactCell;
			sourceTree = "<group>";
		};
		5F2B8011295A127B0044E004 /* TextFields */ = {
			isa = PBXGroup;
			children = (
				5FEC7BC929B8E1C60091F8FB /* AmountTextField.swift */,
				5F39785829CE3A43007C3B65 /* ContactTextField.swift */,
			);
			path = TextFields;
			sourceTree = "<group>";
		};
		5F2B8018295AA0610044E004 /* SegmentedControl */ = {
			isa = PBXGroup;
			children = (
				5F2B8019295AA0900044E004 /* TRSegmentedControl.swift */,
			);
			path = SegmentedControl;
			sourceTree = "<group>";
		};
		5F2B801D295E2D9D0044E004 /* SyncInfoCell */ = {
			isa = PBXGroup;
			children = (
				5F2B801E295E2DC30044E004 /* SyncInfoCell.swift */,
				5F2B801F295E2DC30044E004 /* SyncInfoCell.xib */,
			);
			path = SyncInfoCell;
			sourceTree = "<group>";
		};
		5F2B8022295F73550044E004 /* HeaderFooter */ = {
			isa = PBXGroup;
			children = (
				5F39786A29D2215F007C3B65 /* SectionTitleHeaderView.swift */,
				5F39786C29D221A7007C3B65 /* AddActionFooterView.swift */,
			);
			path = HeaderFooter;
			sourceTree = "<group>";
		};
		5F2B8025295F7CEC0044E004 /* ResetOptionCell */ = {
			isa = PBXGroup;
			children = (
				5F2B8026295F7D080044E004 /* ResetOptionCell.swift */,
				5F2B8027295F7D080044E004 /* ResetOptionCell.xib */,
			);
			path = ResetOptionCell;
			sourceTree = "<group>";
		};
		5F2B802A295F8D930044E004 /* ExportPeriodCell */ = {
			isa = PBXGroup;
			children = (
				5F2B802B295F8DAA0044E004 /* ExportPeriodCell.swift */,
				5F2B802C295F8DAA0044E004 /* ExportPeriodCell.xib */,
			);
			path = ExportPeriodCell;
			sourceTree = "<group>";
		};
		5F2B802F295F99B40044E004 /* ExportCategoriesCell */ = {
			isa = PBXGroup;
			children = (
				5F2B8030295F99D50044E004 /* ExportCategoriesCell.swift */,
				5F2B8031295F99D50044E004 /* ExportCategoriesCell.xib */,
			);
			path = ExportCategoriesCell;
			sourceTree = "<group>";
		};
		5F39782729BBC532007C3B65 /* TripLocationCell */ = {
			isa = PBXGroup;
			children = (
				5F39782829BBC573007C3B65 /* LoadLocationCell.swift */,
				5F39782929BBC573007C3B65 /* LoadLocationCell.xib */,
			);
			path = TripLocationCell;
			sourceTree = "<group>";
		};
		5F39784929CDD395007C3B65 /* DateCell */ = {
			isa = PBXGroup;
			children = (
				5F39784A29CDD3AB007C3B65 /* ItemDateCell.swift */,
				5F39784B29CDD3AB007C3B65 /* ItemDateCell.xib */,
			);
			path = DateCell;
			sourceTree = "<group>";
		};
		5F39784E29CE20AD007C3B65 /* DistanceCell */ = {
			isa = PBXGroup;
			children = (
				5F39784F29CE20C7007C3B65 /* LoadDistanceCell.swift */,
				5F39785029CE20C7007C3B65 /* LoadDistanceCell.xib */,
			);
			path = DistanceCell;
			sourceTree = "<group>";
		};
		5F39785329CE36CF007C3B65 /* NameCell */ = {
			isa = PBXGroup;
			children = (
				5F39785429CE376B007C3B65 /* NameCell.swift */,
				5F39785529CE376B007C3B65 /* NameCell.xib */,
			);
			path = NameCell;
			sourceTree = "<group>";
		};
		5F39785C29CE6F2D007C3B65 /* FrequencyCell */ = {
			isa = PBXGroup;
			children = (
				5F39785D29CE6F79007C3B65 /* ExpenseFrequencyCell.swift */,
				5F39785E29CE6F79007C3B65 /* ExpenseFrequencyCell.xib */,
			);
			path = FrequencyCell;
			sourceTree = "<group>";
		};
		5F39786129CE80DF007C3B65 /* NoteCell */ = {
			isa = PBXGroup;
			children = (
				5F39786229CE8105007C3B65 /* ExpenseNoteCell.swift */,
				5F39786329CE8105007C3B65 /* ExpenseNoteCell.xib */,
			);
			path = NoteCell;
			sourceTree = "<group>";
		};
		5F39786E29D234F7007C3B65 /* AttachmentCell */ = {
			isa = PBXGroup;
			children = (
				5F39786F29D2351C007C3B65 /* AttachmentCell.swift */,
				5F39787029D2351C007C3B65 /* AttachmentCell.xib */,
			);
			path = AttachmentCell;
			sourceTree = "<group>";
		};
		5F39787329D23772007C3B65 /* NoAttachmentCell */ = {
			isa = PBXGroup;
			children = (
				5F39787429D23790007C3B65 /* NoAttachmentCell.swift */,
				5F39787529D23790007C3B65 /* NoAttachmentCell.xib */,
			);
			path = NoAttachmentCell;
			sourceTree = "<group>";
		};
		5F39787829D375F4007C3B65 /* FuelLocationCell */ = {
			isa = PBXGroup;
			children = (
				5F39787929D3761B007C3B65 /* FuelLocationCell.swift */,
				5F39787A29D3761B007C3B65 /* FuelLocationCell.xib */,
			);
			path = FuelLocationCell;
			sourceTree = "<group>";
		};
		5F39787D29D37F11007C3B65 /* FuelEntryCell */ = {
			isa = PBXGroup;
			children = (
				5F39787E29D37F6F007C3B65 /* FuelEntryCell.swift */,
				5F39787F29D37F6F007C3B65 /* FuelEntryCell.xib */,
			);
			path = FuelEntryCell;
			sourceTree = "<group>";
		};
		5F39788829D4BEC2007C3B65 /* Views */ = {
			isa = PBXGroup;
			children = (
				5F39788929D4BEDB007C3B65 /* EmptyStateView.swift */,
			);
			path = Views;
			sourceTree = "<group>";
		};
		5F71DC7B29574A28003111AF /* ExpandFooterView */ = {
			isa = PBXGroup;
			children = (
				5F71DC7C29574A98003111AF /* ExpandFooterView.swift */,
			);
			path = ExpandFooterView;
			sourceTree = "<group>";
		};
		5F790FF22944448C00A73600 /* MenuChildVCs */ = {
			isa = PBXGroup;
			children = (
				5F791016294D756600A73600 /* DriverMenuVC.swift */,
				5F2B80042958CC3E0044E004 /* RecurringMenuVC.swift */,
				5F2B800A295A02480044E004 /* ContactMenuVC.swift */,
				5F2B8016295A95C10044E004 /* DataMenuVC.swift */,
			);
			path = MenuChildVCs;
			sourceTree = "<group>";
		};
		5F790FF5294449F300A73600 /* Home */ = {
			isa = PBXGroup;
			children = (
				5FEC7BB829B7D3160091F8FB /* HomeViewController.swift */,
				5FB723C72A01796E003E6778 /* PeriodDisplayViewController.swift */,
				5FB723C92A0179DC003E6778 /* PeriodSelectorViewController.swift */,
			);
			path = Home;
			sourceTree = "<group>";
		};
		5F790FF6294449FF00A73600 /* Location Search VC */ = {
			isa = PBXGroup;
			children = (
				5F97FD502910F0B900DEEC20 /* LocationSearchVC.swift */,
			);
			path = "Location Search VC";
			sourceTree = "<group>";
		};
		5F790FF729444A1D00A73600 /* Settings */ = {
			isa = PBXGroup;
			children = (
				5F39788E29E3320B007C3B65 /* SettingsViewController.swift */,
				5FDF97D129F6D7CA00DCD038 /* SettingsDetailViewController.swift */,
				5FDF97D029F6D69D00DCD038 /* SettingsChildVCs */,
				5F790FF22944448C00A73600 /* MenuChildVCs */,
			);
			path = Settings;
			sourceTree = "<group>";
		};
		5F790FF8294451D300A73600 /* Buttons */ = {
			isa = PBXGroup;
			children = (
				5F790FF92944521F00A73600 /* TRButton.swift */,
			);
			path = Buttons;
			sourceTree = "<group>";
		};
		5F790FFB2947E9CB00A73600 /* General Cells */ = {
			isa = PBXGroup;
			children = (
				5F39785329CE36CF007C3B65 /* NameCell */,
				5F39786E29D234F7007C3B65 /* AttachmentCell */,
				5F39787329D23772007C3B65 /* NoAttachmentCell */,
				5F71DC7B29574A28003111AF /* ExpandFooterView */,
			);
			path = "General Cells";
			sourceTree = "<group>";
		};
		5F791018294D7A8D00A73600 /* DriverTypeCell */ = {
			isa = PBXGroup;
			children = (
				5F79101A294D7ACE00A73600 /* DriverTypeCell.swift */,
				5F79101B294D7ACE00A73600 /* DriverTypeCell.xib */,
			);
			name = DriverTypeCell;
			path = ../MenuDetailedCells/DriverTypeCell;
			sourceTree = "<group>";
		};
		5F791019294D7AA300A73600 /* MenuDetailedCells */ = {
			isa = PBXGroup;
			children = (
				5F2B7FFF2958BD260044E004 /* RecuringCell */,
				5F2B800C295A05A90044E004 /* ContactCell */,
				5F2B801D295E2D9D0044E004 /* SyncInfoCell */,
				5F2B8025295F7CEC0044E004 /* ResetOptionCell */,
				5F2B802A295F8D930044E004 /* ExportPeriodCell */,
				5F2B802F295F99B40044E004 /* ExportCategoriesCell */,
			);
			path = MenuDetailedCells;
			sourceTree = "<group>";
		};
		5F7B12B928E63EE200AA4B6F /* Cells */ = {
			isa = PBXGroup;
			children = (
				5FA551D529A0756500D3596F /* TableViewCells */,
				5FA551D629A0757200D3596F /* CollectionViewCells */,
			);
			path = Cells;
			sourceTree = "<group>";
		};
		5F8BE2E828B7F9FA00441353 = {
			isa = PBXGroup;
			children = (
				5F8BE2F328B7F9FA00441353 /* TruckerTracker */,
				5F8BE2F228B7F9FA00441353 /* Products */,
			);
			sourceTree = "<group>";
		};
		5F8BE2F228B7F9FA00441353 /* Products */ = {
			isa = PBXGroup;
			children = (
				5F8BE2F128B7F9FA00441353 /* TruckerTracker.app */,
			);
			name = Products;
			sourceTree = "<group>";
		};
		5F8BE2F328B7F9FA00441353 /* TruckerTracker */ = {
			isa = PBXGroup;
			children = (
				5FB92F4728C984140037A4AD /* Model */,
				5FA551A4297B4E1E00D3596F /* Managers */,
				5FB92F3828BD7CBD0037A4AD /* Extensions */,
				5FB92F3528BC18E20037A4AD /* Utilities */,
				5FA551E729A13D8600D3596F /* ViewModels */,
				5FB92F3228B922080037A4AD /* Custom Views */,
				5FB92F3128B921FD0037A4AD /* ViewControllers */,
				5FB92F3428B9226E0037A4AD /* Storyboard */,
				5FB92F3328B922320037A4AD /* Supporting Files */,
				5F8BE30528B7F9FB00441353 /* Info.plist */,
				5F8BE2FD28B7F9FA00441353 /* TruckerTracker.xcdatamodeld */,
			);
			path = TruckerTracker;
			sourceTree = "<group>";
		};
		5F97B6A72952CE81004C5D2A /* DriverPayRateCell */ = {
			isa = PBXGroup;
			children = (
				5F97B6A82952CEC6004C5D2A /* DriverPayRateCell.swift */,
				5F97B6A92952CEC6004C5D2A /* DriverPayRateCell.xib */,
			);
			path = DriverPayRateCell;
			sourceTree = "<group>";
		};
		5F97B6AC2953F8DD004C5D2A /* Slider */ = {
			isa = PBXGroup;
			children = (
				5F97B6AD2953F8FB004C5D2A /* TRSlider.swift */,
			);
			path = Slider;
			sourceTree = "<group>";
		};
		5FA55192297AE36D00D3596F /* General Controllers */ = {
			isa = PBXGroup;
			children = (
				5FB723CF2A017C30003E6778 /* AlertViewController.swift */,
				5FB723CD2A017BB5003E6778 /* DatePickerViewController.swift */,
				5FB723CB2A017B06003E6778 /* OptionPickerViewController.swift */,
			);
			path = "General Controllers";
			sourceTree = "<group>";
		};
		5FA55199297B18D400D3596F /* PeriodTypeCell */ = {
			isa = PBXGroup;
			children = (
				5FA5519A297B1AA800D3596F /* PeriodTypeCell.swift */,
				5FA5519B297B1AA800D3596F /* PeriodTypeCell.xib */,
			);
			path = PeriodTypeCell;
			sourceTree = "<group>";
		};
		5FA5519E297B1B0500D3596F /* PeriodSelector Cells */ = {
			isa = PBXGroup;
			children = (
				5FA55199297B18D400D3596F /* PeriodTypeCell */,
				5FA5519F297B2B2C00D3596F /* PeriodPickerCell */,
				5FA551BB2982AD8500D3596F /* CustomPeriodCell */,
			);
			path = "PeriodSelector Cells";
			sourceTree = "<group>";
		};
		5FA5519F297B2B2C00D3596F /* PeriodPickerCell */ = {
			isa = PBXGroup;
			children = (
				5FA551A0297B2B4900D3596F /* PeriodPickerCell.swift */,
				5FA551A1297B2B4900D3596F /* PeriodPickerCell.xib */,
			);
			path = PeriodPickerCell;
			sourceTree = "<group>";
		};
		5FA551A4297B4E1E00D3596F /* Managers */ = {
			isa = PBXGroup;
			children = (
				5F39788429D481E6007C3B65 /* LocationManager.swift */,
				5FDF97CA29E4D5EC00DCD038 /* ImagePickerManager.swift */,
				5FA551A5297B53DC00D3596F /* UserDefaultsManager.swift */,
			);
			path = Managers;
			sourceTree = "<group>";
		};
		5FA551AD29805B9500D3596F /* DataTypes */ = {
			isa = PBXGroup;
			children = (
				5FA551AE29805BC900D3596F /* Period.swift */,
				5FA551EF29A1493C00D3596F /* Load.swift */,
				5FA551F129A1500B00D3596F /* Expense.swift */,
				5FA551F829A1563800D3596F /* Fuel.swift */,
			);
			path = DataTypes;
			sourceTree = "<group>";
		};
		5FA551B829806E1A00D3596F /* UI+Ext */ = {
			isa = PBXGroup;
			children = (
				5FB92F3928BD7CCB0037A4AD /* UIView+Ext.swift */,
				5F97FD5429189DC400DEEC20 /* UISearchBar+Ext.swift */,
				5F39788629D4BD84007C3B65 /* UITableView+Ext.swift */,
				5F7B12BF28E6448800AA4B6F /* UITableViewCell+Ext.swift */,
				5F2B8014295A14D50044E004 /* UIViewController+Ext.swift */,
				5F97FD6C292210AA00DEEC20 /* UICollectionReusableView+Ext.swift */,
			);
			path = "UI+Ext";
			sourceTree = "<group>";
		};
		5FA551BB2982AD8500D3596F /* CustomPeriodCell */ = {
			isa = PBXGroup;
			children = (
				5FA551C129870D7700D3596F /* CustomPeriodCell.swift */,
				5FA551C229870D7700D3596F /* CustomPeriodCell.xib */,
			);
			path = CustomPeriodCell;
			sourceTree = "<group>";
		};
		5FA551C02982B19400D3596F /* TabBar */ = {
			isa = PBXGroup;
			children = (
				5FB92F2728B91FF20037A4AD /* TRTabBarController.swift */,
			);
			path = TabBar;
			sourceTree = "<group>";
		};
		5FA551C7298C818000D3596F /* Foundation+Ext */ = {
			isa = PBXGroup;
			children = (
				5FB723B629FDBD41003E6778 /* Array+Ext.swift */,
				5F71DC8429578138003111AF /* Date+Ext.swift */,
				5FA55197297B082A00D3596F /* String+Ext.swift */,
				5F39788229D3E24C007C3B65 /* Double+Ext.swift */,
				5FA551FC29A164D400D3596F /* Numeric+Ext.swift */,
				5FA551AB2980371600D3596F /* Calendar+Ext.swift */,
				5FA551B92981F6E900D3596F /* DateInterval+Ext.swift */,
				5FB723C12A008122003E6778 /* Notification+Ext.swift */,
				5FA551B22980654A00D3596F /* UserDefaults+Ext.swift */,
			);
			path = "Foundation+Ext";
			sourceTree = "<group>";
		};
		5FA551D529A0756500D3596F /* TableViewCells */ = {
			isa = PBXGroup;
			children = (
				5F2B8022295F73550044E004 /* HeaderFooter */,
				5F790FFB2947E9CB00A73600 /* General Cells */,
				5FA551D729A075DE00D3596F /* Home Cells */,
				5FEC7BBA29B7D55E0091F8FB /* Item Cells */,
				5FDF97D529F6E0ED00DCD038 /* SettingsDetail Cells */,
				5F791019294D7AA300A73600 /* MenuDetailedCells */,
				5FA5519E297B1B0500D3596F /* PeriodSelector Cells */,
			);
			path = TableViewCells;
			sourceTree = "<group>";
		};
		5FA551D629A0757200D3596F /* CollectionViewCells */ = {
			isa = PBXGroup;
			children = (
				5FDF97C529E358E600DCD038 /* Settings Cell */,
			);
			path = CollectionViewCells;
			sourceTree = "<group>";
		};
		5FA551D729A075DE00D3596F /* Home Cells */ = {
			isa = PBXGroup;
			children = (
				5FA551DD29A0900000D3596F /* ExpenseCell */,
				5FA551D829A0794500D3596F /* LoadCell */,
				5FA551E229A0988700D3596F /* FuelCell */,
			);
			path = "Home Cells";
			sourceTree = "<group>";
		};
		5FA551D829A0794500D3596F /* LoadCell */ = {
			isa = PBXGroup;
			children = (
				5FA551D929A0797600D3596F /* LoadCell.swift */,
				5FA551DA29A0797600D3596F /* LoadCell.xib */,
			);
			path = LoadCell;
			sourceTree = "<group>";
		};
		5FA551DD29A0900000D3596F /* ExpenseCell */ = {
			isa = PBXGroup;
			children = (
				5FA551DE29A0901900D3596F /* ExpenseCell.swift */,
				5FA551DF29A0901900D3596F /* ExpenseCell.xib */,
			);
			path = ExpenseCell;
			sourceTree = "<group>";
		};
		5FA551E229A0988700D3596F /* FuelCell */ = {
			isa = PBXGroup;
			children = (
				5FA551E329A0989F00D3596F /* FuelCell.swift */,
				5FA551E429A0989F00D3596F /* FuelCell.xib */,
			);
			path = FuelCell;
			sourceTree = "<group>";
		};
		5FA551E729A13D8600D3596F /* ViewModels */ = {
			isa = PBXGroup;
			children = (
				5FEC7BB129B791460091F8FB /* Home */,
				5FEC7BB029B791330091F8FB /* Items */,
				5FB723B329F82C8E003E6778 /* Settings */,
			);
			path = ViewModels;
			sourceTree = "<group>";
		};
		5FB723B329F82C8E003E6778 /* Settings */ = {
			isa = PBXGroup;
			children = (
				5FB723B429F82E09003E6778 /* ToolsSettingsViewModel.swift */,
				5F16E3AA2A02C5DD00BA5DFD /* DriverSettingsViewModel.swift */,
			);
			path = Settings;
			sourceTree = "<group>";
		};
		5FB92F3128B921FD0037A4AD /* ViewControllers */ = {
			isa = PBXGroup;
			children = (
				5F790FF6294449FF00A73600 /* Location Search VC */,
				5FA55192297AE36D00D3596F /* General Controllers */,
				5FA551C02982B19400D3596F /* TabBar */,
				5F790FF5294449F300A73600 /* Home */,
				5F28CF8329A1A0A80068C425 /* Item */,
				5F790FF729444A1D00A73600 /* Settings */,
			);
			path = ViewControllers;
			sourceTree = "<group>";
		};
		5FB92F3228B922080037A4AD /* Custom Views */ = {
			isa = PBXGroup;
			children = (
				5F39788829D4BEC2007C3B65 /* Views */,
				5FB92F4128C970FD0037A4AD /* TabBar */,
				5F2B8018295AA0610044E004 /* SegmentedControl */,
				5F2B8011295A127B0044E004 /* TextFields */,
				5F790FF8294451D300A73600 /* Buttons */,
				5F97B6AC2953F8DD004C5D2A /* Slider */,
				5F7B12B928E63EE200AA4B6F /* Cells */,
			);
			path = "Custom Views";
			sourceTree = "<group>";
		};
		5FB92F3328B922320037A4AD /* Supporting Files */ = {
			isa = PBXGroup;
			children = (
				5F8BE2F428B7F9FA00441353 /* AppDelegate.swift */,
				5F8BE2F628B7F9FA00441353 /* SceneDelegate.swift */,
				5F8BE30028B7F9FB00441353 /* Assets.xcassets */,
			);
			path = "Supporting Files";
			sourceTree = "<group>";
		};
		5FB92F3428B9226E0037A4AD /* Storyboard */ = {
			isa = PBXGroup;
			children = (
				5F8BE2FA28B7F9FA00441353 /* Main.storyboard */,
				5F8BE30228B7F9FB00441353 /* LaunchScreen.storyboard */,
			);
			path = Storyboard;
			sourceTree = "<group>";
		};
		5FB92F3528BC18E20037A4AD /* Utilities */ = {
			isa = PBXGroup;
			children = (
				5FB92F3628BC18ED0037A4AD /* Constants.swift */,
				5F39783329C7FA21007C3B65 /* TRError.swift */,
			);
			path = Utilities;
			sourceTree = "<group>";
		};
		5FB92F3828BD7CBD0037A4AD /* Extensions */ = {
			isa = PBXGroup;
			children = (
				5FA551B829806E1A00D3596F /* UI+Ext */,
				5FA551C7298C818000D3596F /* Foundation+Ext */,
			);
			path = Extensions;
			sourceTree = "<group>";
		};
		5FB92F4128C970FD0037A4AD /* TabBar */ = {
			isa = PBXGroup;
			children = (
				5FB92F2928B920540037A4AD /* TRTabBar.swift */,
			);
			path = TabBar;
			sourceTree = "<group>";
		};
		5FB92F4728C984140037A4AD /* Model */ = {
			isa = PBXGroup;
			children = (
				5FA551AD29805B9500D3596F /* DataTypes */,
				5FB92F4828C9841A0037A4AD /* Enums */,
			);
			path = Model;
			sourceTree = "<group>";
		};
		5FB92F4828C9841A0037A4AD /* Enums */ = {
			isa = PBXGroup;
			children = (
				5FA551B029805C6500D3596F /* PeriodType.swift */,
				5F16E3AD2A02CCF600BA5DFD /* Item */,
				5F16E3AC2A02CCB900BA5DFD /* Settings */,
			);
			path = Enums;
			sourceTree = "<group>";
		};
		5FDF97C529E358E600DCD038 /* Settings Cell */ = {
			isa = PBXGroup;
			children = (
				5FDF97C629E4B37500DCD038 /* SettingsCell.swift */,
				5FDF97C729E4B37500DCD038 /* SettingsCell.xib */,
			);
			path = "Settings Cell";
			sourceTree = "<group>";
		};
		5FDF97D029F6D69D00DCD038 /* SettingsChildVCs */ = {
			isa = PBXGroup;
			children = (
				5FDF97D329F6D91100DCD038 /* ToolsSettingsViewController.swift */,
				5F16E3A42A02B91C00BA5DFD /* DriverSettingsViewController.swift */,
			);
			path = SettingsChildVCs;
			sourceTree = "<group>";
		};
		5FDF97D529F6E0ED00DCD038 /* SettingsDetail Cells */ = {
			isa = PBXGroup;
			children = (
				5FDF97DB29F7240600DCD038 /* OptionPickerCell */,
				5FDF97E129F7271E00DCD038 /* InputCell */,
				5F791018294D7A8D00A73600 /* DriverTypeCell */,
				5F97B6A72952CE81004C5D2A /* DriverPayRateCell */,
			);
			path = "SettingsDetail Cells";
			sourceTree = "<group>";
		};
		5FDF97DB29F7240600DCD038 /* OptionPickerCell */ = {
			isa = PBXGroup;
			children = (
				5FDF97DC29F7241E00DCD038 /* SettingOptionPickerCell.swift */,
				5FDF97DD29F7241E00DCD038 /* SettingOptionPickerCell.xib */,
			);
			path = OptionPickerCell;
			sourceTree = "<group>";
		};
		5FDF97E129F7271E00DCD038 /* InputCell */ = {
			isa = PBXGroup;
			children = (
				5F16E3A62A02B9E500BA5DFD /* SettingInputCell.swift */,
				5F16E3A72A02B9E500BA5DFD /* SettingInputCell.xib */,
			);
			path = InputCell;
			sourceTree = "<group>";
		};
		5FEC7BB029B791330091F8FB /* Items */ = {
			isa = PBXGroup;
			children = (
				5FEC7BB429B792080091F8FB /* LoadViewModel.swift */,
				5F39784229CC9205007C3B65 /* ExpenseViewModel.swift */,
				5F39786629CE9EE4007C3B65 /* FuelViewModel.swift */,
			);
			path = Items;
			sourceTree = "<group>";
		};
		5FEC7BB129B791460091F8FB /* Home */ = {
			isa = PBXGroup;
			children = (
				5FB723B829FF6069003E6778 /* HomeViewModel.swift */,
				5FA551F429A150E500D3596F /* ExpenseCellViewModel.swift */,
				5FA551E929A141ED00D3596F /* LoadCellViewModel.swift */,
				5FA551FA29A1576E00D3596F /* FuelCellViewModel.swift */,
			);
			path = Home;
			sourceTree = "<group>";
		};
		5FEC7BBA29B7D55E0091F8FB /* Item Cells */ = {
			isa = PBXGroup;
			children = (
				5F39784929CDD395007C3B65 /* DateCell */,
				5F39786129CE80DF007C3B65 /* NoteCell */,
				5F39785C29CE6F2D007C3B65 /* FrequencyCell */,
				5F39784E29CE20AD007C3B65 /* DistanceCell */,
				5F39782729BBC532007C3B65 /* TripLocationCell */,
				5F39787829D375F4007C3B65 /* FuelLocationCell */,
				5F39787D29D37F11007C3B65 /* FuelEntryCell */,
			);
			path = "Item Cells";
			sourceTree = "<group>";
		};
/* End PBXGroup section */

/* Begin PBXNativeTarget section */
		5F8BE2F028B7F9FA00441353 /* TruckerTracker */ = {
			isa = PBXNativeTarget;
			buildConfigurationList = 5F8BE30828B7F9FB00441353 /* Build configuration list for PBXNativeTarget "TruckerTracker" */;
			buildPhases = (
				5F8BE2ED28B7F9FA00441353 /* Sources */,
				5F8BE2EE28B7F9FA00441353 /* Frameworks */,
				5F8BE2EF28B7F9FA00441353 /* Resources */,
			);
			buildRules = (
			);
			dependencies = (
			);
			name = TruckerTracker;
			productName = TruckerTracker;
			productReference = 5F8BE2F128B7F9FA00441353 /* TruckerTracker.app */;
			productType = "com.apple.product-type.application";
		};
/* End PBXNativeTarget section */

/* Begin PBXProject section */
		5F8BE2E928B7F9FA00441353 /* Project object */ = {
			isa = PBXProject;
			attributes = {
				BuildIndependentTargetsInParallel = 1;
				LastSwiftUpdateCheck = 1340;
				LastUpgradeCheck = 1340;
				TargetAttributes = {
					5F8BE2F028B7F9FA00441353 = {
						CreatedOnToolsVersion = 13.4.1;
					};
				};
			};
			buildConfigurationList = 5F8BE2EC28B7F9FA00441353 /* Build configuration list for PBXProject "TruckerTracker" */;
			compatibilityVersion = "Xcode 13.0";
			developmentRegion = en;
			hasScannedForEncodings = 0;
			knownRegions = (
				en,
				Base,
			);
			mainGroup = 5F8BE2E828B7F9FA00441353;
			productRefGroup = 5F8BE2F228B7F9FA00441353 /* Products */;
			projectDirPath = "";
			projectRoot = "";
			targets = (
				5F8BE2F028B7F9FA00441353 /* TruckerTracker */,
			);
		};
/* End PBXProject section */

/* Begin PBXResourcesBuildPhase section */
		5F8BE2EF28B7F9FA00441353 /* Resources */ = {
			isa = PBXResourcesBuildPhase;
			buildActionMask = 2147483647;
			files = (
				5F39788129D37F6F007C3B65 /* FuelEntryCell.xib in Resources */,
				5F2B8029295F7D080044E004 /* ResetOptionCell.xib in Resources */,
				5F79101D294D7ACE00A73600 /* DriverTypeCell.xib in Resources */,
				5F2B8021295E2DC30044E004 /* SyncInfoCell.xib in Resources */,
				5FA551E129A0901900D3596F /* ExpenseCell.xib in Resources */,
				5F2B80092958CC5C0044E004 /* RecurringExpenseCell.xib in Resources */,
				5F97B6AB2952CEC6004C5D2A /* DriverPayRateCell.xib in Resources */,
				5FA551E629A0989F00D3596F /* FuelCell.xib in Resources */,
				5F8BE30428B7F9FB00441353 /* LaunchScreen.storyboard in Resources */,
				5FA5519D297B1AA800D3596F /* PeriodTypeCell.xib in Resources */,
				5F16E3A92A02B9E500BA5DFD /* SettingInputCell.xib in Resources */,
				5FA551A3297B2B4900D3596F /* PeriodPickerCell.xib in Resources */,
				5F39787C29D3761B007C3B65 /* FuelLocationCell.xib in Resources */,
				5F39786529CE8105007C3B65 /* ExpenseNoteCell.xib in Resources */,
				5F8BE30128B7F9FB00441353 /* Assets.xcassets in Resources */,
				5FDF97C929E4B37500DCD038 /* SettingsCell.xib in Resources */,
				5FDF97DF29F7241E00DCD038 /* SettingOptionPickerCell.xib in Resources */,
				5F39785729CE376B007C3B65 /* NameCell.xib in Resources */,
				5F39787729D23790007C3B65 /* NoAttachmentCell.xib in Resources */,
				5F2B8033295F99D50044E004 /* ExportCategoriesCell.xib in Resources */,
				5F8BE2FC28B7F9FA00441353 /* Main.storyboard in Resources */,
				5F2B8010295A05DD0044E004 /* ContactCell.xib in Resources */,
				5F39786029CE6F79007C3B65 /* ExpenseFrequencyCell.xib in Resources */,
				5FA551C429870D7700D3596F /* CustomPeriodCell.xib in Resources */,
				5F2B802E295F8DAA0044E004 /* ExportPeriodCell.xib in Resources */,
				5F39785229CE20C7007C3B65 /* LoadDistanceCell.xib in Resources */,
				5F39782B29BBC573007C3B65 /* LoadLocationCell.xib in Resources */,
				5F39787229D2351C007C3B65 /* AttachmentCell.xib in Resources */,
				5FA551DC29A0797600D3596F /* LoadCell.xib in Resources */,
				5F39784D29CDD3AB007C3B65 /* ItemDateCell.xib in Resources */,
			);
			runOnlyForDeploymentPostprocessing = 0;
		};
/* End PBXResourcesBuildPhase section */

/* Begin PBXSourcesBuildPhase section */
		5F8BE2ED28B7F9FA00441353 /* Sources */ = {
			isa = PBXSourcesBuildPhase;
			buildActionMask = 2147483647;
			files = (
				5F39784329CC9205007C3B65 /* ExpenseViewModel.swift in Sources */,
				5F2B80052958CC3E0044E004 /* RecurringMenuVC.swift in Sources */,
				5FA551FB29A1576E00D3596F /* FuelCellViewModel.swift in Sources */,
				5FB92F2828B91FF20037A4AD /* TRTabBarController.swift in Sources */,
				5FB723B529F82E09003E6778 /* ToolsSettingsViewModel.swift in Sources */,
				5F97B6AA2952CEC6004C5D2A /* DriverPayRateCell.swift in Sources */,
				5FEC7BB729B7D1980091F8FB /* ItemViewController.swift in Sources */,
				5F2B8028295F7D080044E004 /* ResetOptionCell.swift in Sources */,
				5FB92F3A28BD7CCB0037A4AD /* UIView+Ext.swift in Sources */,
				5FA551F529A150E500D3596F /* ExpenseCellViewModel.swift in Sources */,
				5F97FD512910F0B900DEEC20 /* LocationSearchVC.swift in Sources */,
				5F790FFA2944521F00A73600 /* TRButton.swift in Sources */,
				5FA551AF29805BC900D3596F /* Period.swift in Sources */,
				5FA551EA29A141ED00D3596F /* LoadCellViewModel.swift in Sources */,
				5F8BE2F528B7F9FA00441353 /* AppDelegate.swift in Sources */,
				5F791015294CECF700A73600 /* FuelType.swift in Sources */,
				5FB723B729FDBD41003E6778 /* Array+Ext.swift in Sources */,
				5F39783429C7FA21007C3B65 /* TRError.swift in Sources */,
				5F2B802D295F8DAA0044E004 /* ExportPeriodCell.swift in Sources */,
				5F2B80082958CC5C0044E004 /* RecurringExpenseCell.swift in Sources */,
				5F97B6AE2953F8FB004C5D2A /* TRSlider.swift in Sources */,
				5FB723B929FF6069003E6778 /* HomeViewModel.swift in Sources */,
				5F71DC7D29574A98003111AF /* ExpandFooterView.swift in Sources */,
				5FB723C22A008122003E6778 /* Notification+Ext.swift in Sources */,
				5F39786729CE9EE4007C3B65 /* FuelViewModel.swift in Sources */,
				5FDF97D429F6D91100DCD038 /* ToolsSettingsViewController.swift in Sources */,
				5F39788029D37F6F007C3B65 /* FuelEntryCell.swift in Sources */,
				5F2B8015295A14D50044E004 /* UIViewController+Ext.swift in Sources */,
				5F8BE2F728B7F9FA00441353 /* SceneDelegate.swift in Sources */,
				5F39785629CE376B007C3B65 /* NameCell.swift in Sources */,
				5FA551FD29A164D400D3596F /* Numeric+Ext.swift in Sources */,
				5F39784129CC8C5C007C3B65 /* FuelTableViewController.swift in Sources */,
				5F2B800F295A05DD0044E004 /* ContactCell.swift in Sources */,
				5F39787B29D3761B007C3B65 /* FuelLocationCell.swift in Sources */,
				5F39785129CE20C7007C3B65 /* LoadDistanceCell.swift in Sources */,
				5F7B12C028E6448800AA4B6F /* UITableViewCell+Ext.swift in Sources */,
				5F39788529D481E6007C3B65 /* LocationManager.swift in Sources */,
				5FA551E029A0901900D3596F /* ExpenseCell.swift in Sources */,
				5FEC7BB529B792080091F8FB /* LoadViewModel.swift in Sources */,
				5F39785F29CE6F79007C3B65 /* ExpenseFrequencyCell.swift in Sources */,
				5F39783F29CC8782007C3B65 /* ExpenseTableViewController.swift in Sources */,
				5FA55198297B082A00D3596F /* String+Ext.swift in Sources */,
				5FDF97C429E33E0A00DCD038 /* SettingsType.swift in Sources */,
				5F97FD6D292210AA00DEEC20 /* UICollectionReusableView+Ext.swift in Sources */,
				5F39788329D3E24C007C3B65 /* Double+Ext.swift in Sources */,
				5FB723C82A01796E003E6778 /* PeriodDisplayViewController.swift in Sources */,
				5F39784C29CDD3AB007C3B65 /* ItemDateCell.swift in Sources */,
				5FA551B32980654A00D3596F /* UserDefaults+Ext.swift in Sources */,
				5FA551F929A1563800D3596F /* Fuel.swift in Sources */,
				5F39782A29BBC573007C3B65 /* LoadLocationCell.swift in Sources */,
				5FA5519C297B1AA800D3596F /* PeriodTypeCell.swift in Sources */,
				5F39786D29D221A7007C3B65 /* AddActionFooterView.swift in Sources */,
				5FA551BA2981F6E900D3596F /* DateInterval+Ext.swift in Sources */,
				5FA551D2299596A300D3596F /* ItemType.swift in Sources */,
				5F16E3A52A02B91C00BA5DFD /* DriverSettingsViewController.swift in Sources */,
				5F39785929CE3A43007C3B65 /* ContactTextField.swift in Sources */,
				5FB723D02A017C30003E6778 /* AlertViewController.swift in Sources */,
				5F2B800B295A02480044E004 /* ContactMenuVC.swift in Sources */,
				5FA551F229A1500B00D3596F /* Expense.swift in Sources */,
				5F39787129D2351C007C3B65 /* AttachmentCell.swift in Sources */,
				5FA551A6297B53DC00D3596F /* UserDefaultsManager.swift in Sources */,
				5F79101C294D7ACE00A73600 /* DriverTypeCell.swift in Sources */,
				5FDF97C829E4B37500DCD038 /* SettingsCell.swift in Sources */,
				5FEC7BB929B7D3160091F8FB /* HomeViewController.swift in Sources */,
				5FB723CA2A0179DC003E6778 /* PeriodSelectorViewController.swift in Sources */,
				5F39783B29CB827C007C3B65 /* LoadTableViewController.swift in Sources */,
				5F8BE2FF28B7F9FA00441353 /* TruckerTracker.xcdatamodeld in Sources */,
				5F16E3B12A02D1CD00BA5DFD /* AppSettingsEnums.swift in Sources */,
				5FDF97D229F6D7CA00DCD038 /* SettingsDetailViewController.swift in Sources */,
				5F39787629D23790007C3B65 /* NoAttachmentCell.swift in Sources */,
				5F97FD5529189DC400DEEC20 /* UISearchBar+Ext.swift in Sources */,
				5FA551B129805C6500D3596F /* PeriodType.swift in Sources */,
				5F39788729D4BD84007C3B65 /* UITableView+Ext.swift in Sources */,
				5F39786429CE8105007C3B65 /* ExpenseNoteCell.swift in Sources */,
				5FDF97CB29E4D5EC00DCD038 /* ImagePickerManager.swift in Sources */,
				5F39788F29E3320B007C3B65 /* SettingsViewController.swift in Sources */,
				5F16E3AB2A02C5DD00BA5DFD /* DriverSettingsViewModel.swift in Sources */,
				5F791013294CEC2900A73600 /* FrequencyType.swift in Sources */,
				5FB723CC2A017B06003E6778 /* OptionPickerViewController.swift in Sources */,
				5F39786B29D2215F007C3B65 /* SectionTitleHeaderView.swift in Sources */,
				5FDF97DE29F7241E00DCD038 /* SettingOptionPickerCell.swift in Sources */,
				5FEC7BCA29B8E1C60091F8FB /* AmountTextField.swift in Sources */,
				5F791017294D756600A73600 /* DriverMenuVC.swift in Sources */,
				5F71DC8529578138003111AF /* Date+Ext.swift in Sources */,
				5FB92F2A28B920540037A4AD /* TRTabBar.swift in Sources */,
				5F2B8020295E2DC30044E004 /* SyncInfoCell.swift in Sources */,
				5F16E3A82A02B9E500BA5DFD /* SettingInputCell.swift in Sources */,
				5FA551DB29A0797600D3596F /* LoadCell.swift in Sources */,
				5FB723CE2A017BB5003E6778 /* DatePickerViewController.swift in Sources */,
				5FA551C329870D7700D3596F /* CustomPeriodCell.swift in Sources */,
				5FA551F029A1493C00D3596F /* Load.swift in Sources */,
				5F39788A29D4BEDB007C3B65 /* EmptyStateView.swift in Sources */,
				5FA551AC2980371600D3596F /* Calendar+Ext.swift in Sources */,
				5FA551A2297B2B4900D3596F /* PeriodPickerCell.swift in Sources */,
				5FB92F3728BC18ED0037A4AD /* Constants.swift in Sources */,
				5FA551E529A0989F00D3596F /* FuelCell.swift in Sources */,
				5F2B8032295F99D50044E004 /* ExportCategoriesCell.swift in Sources */,
				5F2B801A295AA0900044E004 /* TRSegmentedControl.swift in Sources */,
				5F2B8017295A95C10044E004 /* DataMenuVC.swift in Sources */,
			);
			runOnlyForDeploymentPostprocessing = 0;
		};
/* End PBXSourcesBuildPhase section */

/* Begin PBXVariantGroup section */
		5F8BE2FA28B7F9FA00441353 /* Main.storyboard */ = {
			isa = PBXVariantGroup;
			children = (
				5F8BE2FB28B7F9FA00441353 /* Base */,
			);
			name = Main.storyboard;
			sourceTree = "<group>";
		};
		5F8BE30228B7F9FB00441353 /* LaunchScreen.storyboard */ = {
			isa = PBXVariantGroup;
			children = (
				5F8BE30328B7F9FB00441353 /* Base */,
			);
			name = LaunchScreen.storyboard;
			sourceTree = "<group>";
		};
/* End PBXVariantGroup section */

/* Begin XCBuildConfiguration section */
		5F8BE30628B7F9FB00441353 /* Debug */ = {
			isa = XCBuildConfiguration;
			buildSettings = {
				ALWAYS_SEARCH_USER_PATHS = NO;
				CLANG_ANALYZER_NONNULL = YES;
				CLANG_ANALYZER_NUMBER_OBJECT_CONVERSION = YES_AGGRESSIVE;
				CLANG_CXX_LANGUAGE_STANDARD = "gnu++17";
				CLANG_ENABLE_MODULES = YES;
				CLANG_ENABLE_OBJC_ARC = YES;
				CLANG_ENABLE_OBJC_WEAK = YES;
				CLANG_WARN_BLOCK_CAPTURE_AUTORELEASING = YES;
				CLANG_WARN_BOOL_CONVERSION = YES;
				CLANG_WARN_COMMA = YES;
				CLANG_WARN_CONSTANT_CONVERSION = YES;
				CLANG_WARN_DEPRECATED_OBJC_IMPLEMENTATIONS = YES;
				CLANG_WARN_DIRECT_OBJC_ISA_USAGE = YES_ERROR;
				CLANG_WARN_DOCUMENTATION_COMMENTS = YES;
				CLANG_WARN_EMPTY_BODY = YES;
				CLANG_WARN_ENUM_CONVERSION = YES;
				CLANG_WARN_INFINITE_RECURSION = YES;
				CLANG_WARN_INT_CONVERSION = YES;
				CLANG_WARN_NON_LITERAL_NULL_CONVERSION = YES;
				CLANG_WARN_OBJC_IMPLICIT_RETAIN_SELF = YES;
				CLANG_WARN_OBJC_LITERAL_CONVERSION = YES;
				CLANG_WARN_OBJC_ROOT_CLASS = YES_ERROR;
				CLANG_WARN_QUOTED_INCLUDE_IN_FRAMEWORK_HEADER = YES;
				CLANG_WARN_RANGE_LOOP_ANALYSIS = YES;
				CLANG_WARN_STRICT_PROTOTYPES = YES;
				CLANG_WARN_SUSPICIOUS_MOVE = YES;
				CLANG_WARN_UNGUARDED_AVAILABILITY = YES_AGGRESSIVE;
				CLANG_WARN_UNREACHABLE_CODE = YES;
				CLANG_WARN__DUPLICATE_METHOD_MATCH = YES;
				COPY_PHASE_STRIP = NO;
				DEBUG_INFORMATION_FORMAT = dwarf;
				ENABLE_STRICT_OBJC_MSGSEND = YES;
				ENABLE_TESTABILITY = YES;
				GCC_C_LANGUAGE_STANDARD = gnu11;
				GCC_DYNAMIC_NO_PIC = NO;
				GCC_NO_COMMON_BLOCKS = YES;
				GCC_OPTIMIZATION_LEVEL = 0;
				GCC_PREPROCESSOR_DEFINITIONS = (
					"DEBUG=1",
					"$(inherited)",
				);
				GCC_WARN_64_TO_32_BIT_CONVERSION = YES;
				GCC_WARN_ABOUT_RETURN_TYPE = YES_ERROR;
				GCC_WARN_UNDECLARED_SELECTOR = YES;
				GCC_WARN_UNINITIALIZED_AUTOS = YES_AGGRESSIVE;
				GCC_WARN_UNUSED_FUNCTION = YES;
				GCC_WARN_UNUSED_VARIABLE = YES;
				IPHONEOS_DEPLOYMENT_TARGET = 15.5;
				MTL_ENABLE_DEBUG_INFO = INCLUDE_SOURCE;
				MTL_FAST_MATH = YES;
				ONLY_ACTIVE_ARCH = YES;
				SDKROOT = iphoneos;
				SWIFT_ACTIVE_COMPILATION_CONDITIONS = DEBUG;
				SWIFT_OPTIMIZATION_LEVEL = "-Onone";
			};
			name = Debug;
		};
		5F8BE30728B7F9FB00441353 /* Release */ = {
			isa = XCBuildConfiguration;
			buildSettings = {
				ALWAYS_SEARCH_USER_PATHS = NO;
				CLANG_ANALYZER_NONNULL = YES;
				CLANG_ANALYZER_NUMBER_OBJECT_CONVERSION = YES_AGGRESSIVE;
				CLANG_CXX_LANGUAGE_STANDARD = "gnu++17";
				CLANG_ENABLE_MODULES = YES;
				CLANG_ENABLE_OBJC_ARC = YES;
				CLANG_ENABLE_OBJC_WEAK = YES;
				CLANG_WARN_BLOCK_CAPTURE_AUTORELEASING = YES;
				CLANG_WARN_BOOL_CONVERSION = YES;
				CLANG_WARN_COMMA = YES;
				CLANG_WARN_CONSTANT_CONVERSION = YES;
				CLANG_WARN_DEPRECATED_OBJC_IMPLEMENTATIONS = YES;
				CLANG_WARN_DIRECT_OBJC_ISA_USAGE = YES_ERROR;
				CLANG_WARN_DOCUMENTATION_COMMENTS = YES;
				CLANG_WARN_EMPTY_BODY = YES;
				CLANG_WARN_ENUM_CONVERSION = YES;
				CLANG_WARN_INFINITE_RECURSION = YES;
				CLANG_WARN_INT_CONVERSION = YES;
				CLANG_WARN_NON_LITERAL_NULL_CONVERSION = YES;
				CLANG_WARN_OBJC_IMPLICIT_RETAIN_SELF = YES;
				CLANG_WARN_OBJC_LITERAL_CONVERSION = YES;
				CLANG_WARN_OBJC_ROOT_CLASS = YES_ERROR;
				CLANG_WARN_QUOTED_INCLUDE_IN_FRAMEWORK_HEADER = YES;
				CLANG_WARN_RANGE_LOOP_ANALYSIS = YES;
				CLANG_WARN_STRICT_PROTOTYPES = YES;
				CLANG_WARN_SUSPICIOUS_MOVE = YES;
				CLANG_WARN_UNGUARDED_AVAILABILITY = YES_AGGRESSIVE;
				CLANG_WARN_UNREACHABLE_CODE = YES;
				CLANG_WARN__DUPLICATE_METHOD_MATCH = YES;
				COPY_PHASE_STRIP = NO;
				DEBUG_INFORMATION_FORMAT = "dwarf-with-dsym";
				ENABLE_NS_ASSERTIONS = NO;
				ENABLE_STRICT_OBJC_MSGSEND = YES;
				GCC_C_LANGUAGE_STANDARD = gnu11;
				GCC_NO_COMMON_BLOCKS = YES;
				GCC_WARN_64_TO_32_BIT_CONVERSION = YES;
				GCC_WARN_ABOUT_RETURN_TYPE = YES_ERROR;
				GCC_WARN_UNDECLARED_SELECTOR = YES;
				GCC_WARN_UNINITIALIZED_AUTOS = YES_AGGRESSIVE;
				GCC_WARN_UNUSED_FUNCTION = YES;
				GCC_WARN_UNUSED_VARIABLE = YES;
				IPHONEOS_DEPLOYMENT_TARGET = 15.5;
				MTL_ENABLE_DEBUG_INFO = NO;
				MTL_FAST_MATH = YES;
				SDKROOT = iphoneos;
				SWIFT_COMPILATION_MODE = wholemodule;
				SWIFT_OPTIMIZATION_LEVEL = "-O";
				VALIDATE_PRODUCT = YES;
			};
			name = Release;
		};
		5F8BE30928B7F9FB00441353 /* Debug */ = {
			isa = XCBuildConfiguration;
			buildSettings = {
				ASSETCATALOG_COMPILER_APPICON_NAME = AppIcon;
				ASSETCATALOG_COMPILER_GLOBAL_ACCENT_COLOR_NAME = AccentColor;
				CODE_SIGN_STYLE = Automatic;
				CURRENT_PROJECT_VERSION = 1;
				DEVELOPMENT_TEAM = W78FYLG72B;
				GENERATE_INFOPLIST_FILE = YES;
				INFOPLIST_FILE = TruckerTracker/Info.plist;
				INFOPLIST_KEY_LSApplicationCategoryType = "public.app-category.finance";
				INFOPLIST_KEY_UIApplicationSupportsIndirectInputEvents = YES;
				INFOPLIST_KEY_UILaunchStoryboardName = LaunchScreen;
				INFOPLIST_KEY_UIMainStoryboardFile = Main;
				INFOPLIST_KEY_UISupportedInterfaceOrientations_iPad = "UIInterfaceOrientationPortrait UIInterfaceOrientationPortraitUpsideDown UIInterfaceOrientationLandscapeLeft UIInterfaceOrientationLandscapeRight";
				INFOPLIST_KEY_UISupportedInterfaceOrientations_iPhone = "UIInterfaceOrientationPortrait UIInterfaceOrientationLandscapeLeft UIInterfaceOrientationLandscapeRight";
				IPHONEOS_DEPLOYMENT_TARGET = 16.0;
				LD_RUNPATH_SEARCH_PATHS = (
					"$(inherited)",
					"@executable_path/Frameworks",
				);
				MARKETING_VERSION = 1.0;
				PRODUCT_BUNDLE_IDENTIFIER = com.stepharski.TruckerTracker;
				PRODUCT_NAME = "$(TARGET_NAME)";
				SWIFT_EMIT_LOC_STRINGS = YES;
				SWIFT_VERSION = 5.0;
				TARGETED_DEVICE_FAMILY = "1,2";
			};
			name = Debug;
		};
		5F8BE30A28B7F9FB00441353 /* Release */ = {
			isa = XCBuildConfiguration;
			buildSettings = {
				ASSETCATALOG_COMPILER_APPICON_NAME = AppIcon;
				ASSETCATALOG_COMPILER_GLOBAL_ACCENT_COLOR_NAME = AccentColor;
				CODE_SIGN_STYLE = Automatic;
				CURRENT_PROJECT_VERSION = 1;
				DEVELOPMENT_TEAM = W78FYLG72B;
				GENERATE_INFOPLIST_FILE = YES;
				INFOPLIST_FILE = TruckerTracker/Info.plist;
				INFOPLIST_KEY_LSApplicationCategoryType = "public.app-category.finance";
				INFOPLIST_KEY_UIApplicationSupportsIndirectInputEvents = YES;
				INFOPLIST_KEY_UILaunchStoryboardName = LaunchScreen;
				INFOPLIST_KEY_UIMainStoryboardFile = Main;
				INFOPLIST_KEY_UISupportedInterfaceOrientations_iPad = "UIInterfaceOrientationPortrait UIInterfaceOrientationPortraitUpsideDown UIInterfaceOrientationLandscapeLeft UIInterfaceOrientationLandscapeRight";
				INFOPLIST_KEY_UISupportedInterfaceOrientations_iPhone = "UIInterfaceOrientationPortrait UIInterfaceOrientationLandscapeLeft UIInterfaceOrientationLandscapeRight";
				IPHONEOS_DEPLOYMENT_TARGET = 16.0;
				LD_RUNPATH_SEARCH_PATHS = (
					"$(inherited)",
					"@executable_path/Frameworks",
				);
				MARKETING_VERSION = 1.0;
				PRODUCT_BUNDLE_IDENTIFIER = com.stepharski.TruckerTracker;
				PRODUCT_NAME = "$(TARGET_NAME)";
				SWIFT_EMIT_LOC_STRINGS = YES;
				SWIFT_VERSION = 5.0;
				TARGETED_DEVICE_FAMILY = "1,2";
			};
			name = Release;
		};
/* End XCBuildConfiguration section */

/* Begin XCConfigurationList section */
		5F8BE2EC28B7F9FA00441353 /* Build configuration list for PBXProject "TruckerTracker" */ = {
			isa = XCConfigurationList;
			buildConfigurations = (
				5F8BE30628B7F9FB00441353 /* Debug */,
				5F8BE30728B7F9FB00441353 /* Release */,
			);
			defaultConfigurationIsVisible = 0;
			defaultConfigurationName = Release;
		};
		5F8BE30828B7F9FB00441353 /* Build configuration list for PBXNativeTarget "TruckerTracker" */ = {
			isa = XCConfigurationList;
			buildConfigurations = (
				5F8BE30928B7F9FB00441353 /* Debug */,
				5F8BE30A28B7F9FB00441353 /* Release */,
			);
			defaultConfigurationIsVisible = 0;
			defaultConfigurationName = Release;
		};
/* End XCConfigurationList section */

/* Begin XCVersionGroup section */
		5F8BE2FD28B7F9FA00441353 /* TruckerTracker.xcdatamodeld */ = {
			isa = XCVersionGroup;
			children = (
				5F8BE2FE28B7F9FA00441353 /* TruckerTracker.xcdatamodel */,
			);
			currentVersion = 5F8BE2FE28B7F9FA00441353 /* TruckerTracker.xcdatamodel */;
			path = TruckerTracker.xcdatamodeld;
			sourceTree = "<group>";
			versionGroupType = wrapper.xcdatamodel;
		};
/* End XCVersionGroup section */
	};
	rootObject = 5F8BE2E928B7F9FA00441353 /* Project object */;
}
